Microsoft Visual Studio Solution File, Format Version 12.00
# Visual Studio 16
Project("{2150E333-8FDC-42A3-9474-1A3956D46DE8}") = "CMakePredefinedTargets", "CMakePredefinedTargets", "{C68222B6-6DE1-3647-88D3-08AEDB2C5509}"
EndProject
Project("{2150E333-8FDC-42A3-9474-1A3956D46DE8}") = "GLFW3", "GLFW3", "{CAFB074A-0053-3951-889D-AFD5D7912B6C}"
EndProject
Project("{2150E333-8FDC-42A3-9474-1A3956D46DE8}") = "Examples", "GLFW3\Examples", "{F01CB38A-EC6E-34E9-87FE-FD8184CB6282}"
EndProject
Project("{2150E333-8FDC-42A3-9474-1A3956D46DE8}") = "Tests", "GLFW3\Tests", "{3F50B82E-79C5-3B29-B6C3-58C93E1F2841}"
EndProject
Project("{8BC9CEB8-8B4A-11D0-8D11-00A0C91BC942}") = "ALL_BUILD", "ALL_BUILD.vcxproj", "{C870C034-D4F3-3409-8E60-EB6B170B5B9F}"
	ProjectSection(ProjectDependencies) = postProject
		{9B4426AC-C0E2-3B9C-AB9B-2246859FE9D8} = {9B4426AC-C0E2-3B9C-AB9B-2246859FE9D8}
		{0EED9C40-84F5-3D5C-8000-77F2E38A323B} = {0EED9C40-84F5-3D5C-8000-77F2E38A323B}
		{6E8852F9-D8CE-3C83-8476-09F5CB8BF679} = {6E8852F9-D8CE-3C83-8476-09F5CB8BF679}
		{4D7F7A18-C3BB-36C8-9AE1-CE4080977B62} = {4D7F7A18-C3BB-36C8-9AE1-CE4080977B62}
		{F177B366-A006-3F99-AF53-D71523766E19} = {F177B366-A006-3F99-AF53-D71523766E19}
		{BABC23FB-5EEE-3E8A-AFF7-63158F881417} = {BABC23FB-5EEE-3E8A-AFF7-63158F881417}
		{DA04C2B1-5A4E-3618-9EE1-E70E4FE94FF0} = {DA04C2B1-5A4E-3618-9EE1-E70E4FE94FF0}
		{A95F954C-7B91-3236-B29A-6C8F18B52EE9} = {A95F954C-7B91-3236-B29A-6C8F18B52EE9}
		{CB9C809F-4D7A-3950-AC55-72DB06FDDF41} = {CB9C809F-4D7A-3950-AC55-72DB06FDDF41}
		{DDF9054C-F513-3CEA-83AA-EAAFD9C1F87A} = {DDF9054C-F513-3CEA-83AA-EAAFD9C1F87A}
		{F06064B3-0A41-3D09-9CC4-10DA5E38B549} = {F06064B3-0A41-3D09-9CC4-10DA5E38B549}
		{31BE2BB7-DEA3-3F5C-A86E-39BD609BC1ED} = {31BE2BB7-DEA3-3F5C-A86E-39BD609BC1ED}
		{1C1CE195-5010-3A1B-88C1-58664FE314F3} = {1C1CE195-5010-3A1B-88C1-58664FE314F3}
		{255A221A-DCD8-3543-8FA2-118E8B35F135} = {255A221A-DCD8-3543-8FA2-118E8B35F135}
		{94BDE96C-BE5D-3664-89A5-83651C55A885} = {94BDE96C-BE5D-3664-89A5-83651C55A885}
		{27048B85-1647-3576-B577-86ABC632A888} = {27048B85-1647-3576-B577-86ABC632A888}
		{0CCAE8B3-6F8A-34E3-BA0B-3755D5EF49CA} = {0CCAE8B3-6F8A-34E3-BA0B-3755D5EF49CA}
		{05DC5F7F-3670-3FF7-8B50-2CCE7F0BB8F7} = {05DC5F7F-3670-3FF7-8B50-2CCE7F0BB8F7}
		{7BBF1511-B735-3844-9ACE-41FA8F8B150B} = {7BBF1511-B735-3844-9ACE-41FA8F8B150B}
		{41F6722A-E20D-37C8-A443-3252D08654C1} = {41F6722A-E20D-37C8-A443-3252D08654C1}
		{B2260415-2F47-3B2C-9A74-5158C6482916} = {B2260415-2F47-3B2C-9A74-5158C6482916}
		{89C08C7F-9309-3404-8F95-40C3133AA38E} = {89C08C7F-9309-3404-8F95-40C3133AA38E}
		{4F841FBB-3051-3C1F-87C6-2FFF346F2D97} = {4F841FBB-3051-3C1F-87C6-2FFF346F2D97}
		{0F53C88E-AACD-3CF9-975A-C942D3DFA756} = {0F53C88E-AACD-3CF9-975A-C942D3DFA756}
		{6D93BB10-26E5-3244-9D05-F80CA491C934} = {6D93BB10-26E5-3244-9D05-F80CA491C934}
		{1DA5DE3F-BE02-3E90-81FF-AF1344D6D928} = {1DA5DE3F-BE02-3E90-81FF-AF1344D6D928}
		{E9842004-8080-3130-8A76-879FC49DD54D} = {E9842004-8080-3130-8A76-879FC49DD54D}
		{DAC1FBD0-304A-3253-A4A7-EE0FB407CE05} = {DAC1FBD0-304A-3253-A4A7-EE0FB407CE05}
		{06C6FF58-EFC5-3BCD-82A9-B92860461442} = {06C6FF58-EFC5-3BCD-82A9-B92860461442}
		{7C5EEEBF-0705-3FE5-834C-44CDDE08AA7F} = {7C5EEEBF-0705-3FE5-834C-44CDDE08AA7F}
		{E21377D9-AE36-3DF2-A2DC-F883BCA32A9C} = {E21377D9-AE36-3DF2-A2DC-F883BCA32A9C}
	EndProjectSection
EndProject
Project("{8BC9CEB8-8B4A-11D0-8D11-00A0C91BC942}") = "INSTALL", "INSTALL.vcxproj", "{B7DB1C1A-1437-3588-A244-00B580DE477B}"
	ProjectSection(ProjectDependencies) = postProject
		{C870C034-D4F3-3409-8E60-EB6B170B5B9F} = {C870C034-D4F3-3409-8E60-EB6B170B5B9F}
		{9B4426AC-C0E2-3B9C-AB9B-2246859FE9D8} = {9B4426AC-C0E2-3B9C-AB9B-2246859FE9D8}
	EndProjectSection
EndProject
Project("{8BC9CEB8-8B4A-11D0-8D11-00A0C91BC942}") = "ZERO_CHECK", "ZERO_CHECK.vcxproj", "{9B4426AC-C0E2-3B9C-AB9B-2246859FE9D8}"
	ProjectSection(ProjectDependencies) = postProject
	EndProjectSection
EndProject
Project("{8BC9CEB8-8B4A-11D0-8D11-00A0C91BC942}") = "boing", "examples\boing.vcxproj", "{0EED9C40-84F5-3D5C-8000-77F2E38A323B}"
	ProjectSection(ProjectDependencies) = postProject
		{9B4426AC-C0E2-3B9C-AB9B-2246859FE9D8} = {9B4426AC-C0E2-3B9C-AB9B-2246859FE9D8}
		{CB9C809F-4D7A-3950-AC55-72DB06FDDF41} = {CB9C809F-4D7A-3950-AC55-72DB06FDDF41}
	EndProjectSection
EndProject
Project("{8BC9CEB8-8B4A-11D0-8D11-00A0C91BC942}") = "clipboard", "tests\clipboard.vcxproj", "{6E8852F9-D8CE-3C83-8476-09F5CB8BF679}"
	ProjectSection(ProjectDependencies) = postProject
		{9B4426AC-C0E2-3B9C-AB9B-2246859FE9D8} = {9B4426AC-C0E2-3B9C-AB9B-2246859FE9D8}
		{CB9C809F-4D7A-3950-AC55-72DB06FDDF41} = {CB9C809F-4D7A-3950-AC55-72DB06FDDF41}
	EndProjectSection
EndProject
Project("{8BC9CEB8-8B4A-11D0-8D11-00A0C91BC942}") = "cursor", "tests\cursor.vcxproj", "{4D7F7A18-C3BB-36C8-9AE1-CE4080977B62}"
	ProjectSection(ProjectDependencies) = postProject
		{9B4426AC-C0E2-3B9C-AB9B-2246859FE9D8} = {9B4426AC-C0E2-3B9C-AB9B-2246859FE9D8}
		{CB9C809F-4D7A-3950-AC55-72DB06FDDF41} = {CB9C809F-4D7A-3950-AC55-72DB06FDDF41}
	EndProjectSection
EndProject
Project("{8BC9CEB8-8B4A-11D0-8D11-00A0C91BC942}") = "empty", "tests\empty.vcxproj", "{F177B366-A006-3F99-AF53-D71523766E19}"
	ProjectSection(ProjectDependencies) = postProject
		{9B4426AC-C0E2-3B9C-AB9B-2246859FE9D8} = {9B4426AC-C0E2-3B9C-AB9B-2246859FE9D8}
		{CB9C809F-4D7A-3950-AC55-72DB06FDDF41} = {CB9C809F-4D7A-3950-AC55-72DB06FDDF41}
	EndProjectSection
EndProject
Project("{8BC9CEB8-8B4A-11D0-8D11-00A0C91BC942}") = "events", "tests\events.vcxproj", "{BABC23FB-5EEE-3E8A-AFF7-63158F881417}"
	ProjectSection(ProjectDependencies) = postProject
		{9B4426AC-C0E2-3B9C-AB9B-2246859FE9D8} = {9B4426AC-C0E2-3B9C-AB9B-2246859FE9D8}
		{CB9C809F-4D7A-3950-AC55-72DB06FDDF41} = {CB9C809F-4D7A-3950-AC55-72DB06FDDF41}
	EndProjectSection
EndProject
Project("{8BC9CEB8-8B4A-11D0-8D11-00A0C91BC942}") = "gamma", "tests\gamma.vcxproj", "{DA04C2B1-5A4E-3618-9EE1-E70E4FE94FF0}"
	ProjectSection(ProjectDependencies) = postProject
		{9B4426AC-C0E2-3B9C-AB9B-2246859FE9D8} = {9B4426AC-C0E2-3B9C-AB9B-2246859FE9D8}
		{CB9C809F-4D7A-3950-AC55-72DB06FDDF41} = {CB9C809F-4D7A-3950-AC55-72DB06FDDF41}
	EndProjectSection
EndProject
Project("{8BC9CEB8-8B4A-11D0-8D11-00A0C91BC942}") = "gears", "examples\gears.vcxproj", "{A95F954C-7B91-3236-B29A-6C8F18B52EE9}"
	ProjectSection(ProjectDependencies) = postProject
		{9B4426AC-C0E2-3B9C-AB9B-2246859FE9D8} = {9B4426AC-C0E2-3B9C-AB9B-2246859FE9D8}
		{CB9C809F-4D7A-3950-AC55-72DB06FDDF41} = {CB9C809F-4D7A-3950-AC55-72DB06FDDF41}
	EndProjectSection
EndProject
Project("{8BC9CEB8-8B4A-11D0-8D11-00A0C91BC942}") = "glfw", "src\glfw.vcxproj", "{CB9C809F-4D7A-3950-AC55-72DB06FDDF41}"
	ProjectSection(ProjectDependencies) = postProject
		{9B4426AC-C0E2-3B9C-AB9B-2246859FE9D8} = {9B4426AC-C0E2-3B9C-AB9B-2246859FE9D8}
	EndProjectSection
EndProject
Project("{8BC9CEB8-8B4A-11D0-8D11-00A0C91BC942}") = "glfwinfo", "tests\glfwinfo.vcxproj", "{DDF9054C-F513-3CEA-83AA-EAAFD9C1F87A}"
	ProjectSection(ProjectDependencies) = postProject
		{9B4426AC-C0E2-3B9C-AB9B-2246859FE9D8} = {9B4426AC-C0E2-3B9C-AB9B-2246859FE9D8}
		{CB9C809F-4D7A-3950-AC55-72DB06FDDF41} = {CB9C809F-4D7A-3950-AC55-72DB06FDDF41}
	EndProjectSection
EndProject
Project("{8BC9CEB8-8B4A-11D0-8D11-00A0C91BC942}") = "heightmap", "examples\heightmap.vcxproj", "{F06064B3-0A41-3D09-9CC4-10DA5E38B549}"
	ProjectSection(ProjectDependencies) = postProject
		{9B4426AC-C0E2-3B9C-AB9B-2246859FE9D8} = {9B4426AC-C0E2-3B9C-AB9B-2246859FE9D8}
		{CB9C809F-4D7A-3950-AC55-72DB06FDDF41} = {CB9C809F-4D7A-3950-AC55-72DB06FDDF41}
	EndProjectSection
EndProject
Project("{8BC9CEB8-8B4A-11D0-8D11-00A0C91BC942}") = "icon", "tests\icon.vcxproj", "{31BE2BB7-DEA3-3F5C-A86E-39BD609BC1ED}"
	ProjectSection(ProjectDependencies) = postProject
		{9B4426AC-C0E2-3B9C-AB9B-2246859FE9D8} = {9B4426AC-C0E2-3B9C-AB9B-2246859FE9D8}
		{CB9C809F-4D7A-3950-AC55-72DB06FDDF41} = {CB9C809F-4D7A-3950-AC55-72DB06FDDF41}
	EndProjectSection
EndProject
Project("{8BC9CEB8-8B4A-11D0-8D11-00A0C91BC942}") = "iconify", "tests\iconify.vcxproj", "{1C1CE195-5010-3A1B-88C1-58664FE314F3}"
	ProjectSection(ProjectDependencies) = postProject
		{9B4426AC-C0E2-3B9C-AB9B-2246859FE9D8} = {9B4426AC-C0E2-3B9C-AB9B-2246859FE9D8}
		{CB9C809F-4D7A-3950-AC55-72DB06FDDF41} = {CB9C809F-4D7A-3950-AC55-72DB06FDDF41}
	EndProjectSection
EndProject
Project("{8BC9CEB8-8B4A-11D0-8D11-00A0C91BC942}") = "inputlag", "tests\inputlag.vcxproj", "{255A221A-DCD8-3543-8FA2-118E8B35F135}"
	ProjectSection(ProjectDependencies) = postProject
		{9B4426AC-C0E2-3B9C-AB9B-2246859FE9D8} = {9B4426AC-C0E2-3B9C-AB9B-2246859FE9D8}
		{CB9C809F-4D7A-3950-AC55-72DB06FDDF41} = {CB9C809F-4D7A-3950-AC55-72DB06FDDF41}
	EndProjectSection
EndProject
Project("{8BC9CEB8-8B4A-11D0-8D11-00A0C91BC942}") = "joysticks", "tests\joysticks.vcxproj", "{94BDE96C-BE5D-3664-89A5-83651C55A885}"
	ProjectSection(ProjectDependencies) = postProject
		{9B4426AC-C0E2-3B9C-AB9B-2246859FE9D8} = {9B4426AC-C0E2-3B9C-AB9B-2246859FE9D8}
		{CB9C809F-4D7A-3950-AC55-72DB06FDDF41} = {CB9C809F-4D7A-3950-AC55-72DB06FDDF41}
	EndProjectSection
EndProject
Project("{8BC9CEB8-8B4A-11D0-8D11-00A0C91BC942}") = "monitors", "tests\monitors.vcxproj", "{27048B85-1647-3576-B577-86ABC632A888}"
	ProjectSection(ProjectDependencies) = postProject
		{9B4426AC-C0E2-3B9C-AB9B-2246859FE9D8} = {9B4426AC-C0E2-3B9C-AB9B-2246859FE9D8}
		{CB9C809F-4D7A-3950-AC55-72DB06FDDF41} = {CB9C809F-4D7A-3950-AC55-72DB06FDDF41}
	EndProjectSection
EndProject
Project("{8BC9CEB8-8B4A-11D0-8D11-00A0C91BC942}") = "msaa", "tests\msaa.vcxproj", "{0CCAE8B3-6F8A-34E3-BA0B-3755D5EF49CA}"
	ProjectSection(ProjectDependencies) = postProject
		{9B4426AC-C0E2-3B9C-AB9B-2246859FE9D8} = {9B4426AC-C0E2-3B9C-AB9B-2246859FE9D8}
		{CB9C809F-4D7A-3950-AC55-72DB06FDDF41} = {CB9C809F-4D7A-3950-AC55-72DB06FDDF41}
	EndProjectSection
EndProject
Project("{8BC9CEB8-8B4A-11D0-8D11-00A0C91BC942}") = "offscreen", "examples\offscreen.vcxproj", "{05DC5F7F-3670-3FF7-8B50-2CCE7F0BB8F7}"
	ProjectSection(ProjectDependencies) = postProject
		{9B4426AC-C0E2-3B9C-AB9B-2246859FE9D8} = {9B4426AC-C0E2-3B9C-AB9B-2246859FE9D8}
		{CB9C809F-4D7A-3950-AC55-72DB06FDDF41} = {CB9C809F-4D7A-3950-AC55-72DB06FDDF41}
	EndProjectSection
EndProject
Project("{8BC9CEB8-8B4A-11D0-8D11-00A0C91BC942}") = "opacity", "tests\opacity.vcxproj", "{7BBF1511-B735-3844-9ACE-41FA8F8B150B}"
	ProjectSection(ProjectDependencies) = postProject
		{9B4426AC-C0E2-3B9C-AB9B-2246859FE9D8} = {9B4426AC-C0E2-3B9C-AB9B-2246859FE9D8}
		{CB9C809F-4D7A-3950-AC55-72DB06FDDF41} = {CB9C809F-4D7A-3950-AC55-72DB06FDDF41}
	EndProjectSection
EndProject
Project("{8BC9CEB8-8B4A-11D0-8D11-00A0C91BC942}") = "particles", "examples\particles.vcxproj", "{41F6722A-E20D-37C8-A443-3252D08654C1}"
	ProjectSection(ProjectDependencies) = postProject
		{9B4426AC-C0E2-3B9C-AB9B-2246859FE9D8} = {9B4426AC-C0E2-3B9C-AB9B-2246859FE9D8}
		{CB9C809F-4D7A-3950-AC55-72DB06FDDF41} = {CB9C809F-4D7A-3950-AC55-72DB06FDDF41}
	EndProjectSection
EndProject
Project("{8BC9CEB8-8B4A-11D0-8D11-00A0C91BC942}") = "reopen", "tests\reopen.vcxproj", "{B2260415-2F47-3B2C-9A74-5158C6482916}"
	ProjectSection(ProjectDependencies) = postProject
		{9B4426AC-C0E2-3B9C-AB9B-2246859FE9D8} = {9B4426AC-C0E2-3B9C-AB9B-2246859FE9D8}
		{CB9C809F-4D7A-3950-AC55-72DB06FDDF41} = {CB9C809F-4D7A-3950-AC55-72DB06FDDF41}
	EndProjectSection
EndProject
Project("{8BC9CEB8-8B4A-11D0-8D11-00A0C91BC942}") = "sharing", "examples\sharing.vcxproj", "{89C08C7F-9309-3404-8F95-40C3133AA38E}"
	ProjectSection(ProjectDependencies) = postProject
		{9B4426AC-C0E2-3B9C-AB9B-2246859FE9D8} = {9B4426AC-C0E2-3B9C-AB9B-2246859FE9D8}
		{CB9C809F-4D7A-3950-AC55-72DB06FDDF41} = {CB9C809F-4D7A-3950-AC55-72DB06FDDF41}
	EndProjectSection
EndProject
Project("{8BC9CEB8-8B4A-11D0-8D11-00A0C91BC942}") = "splitview", "examples\splitview.vcxproj", "{4F841FBB-3051-3C1F-87C6-2FFF346F2D97}"
	ProjectSection(ProjectDependencies) = postProject
		{9B4426AC-C0E2-3B9C-AB9B-2246859FE9D8} = {9B4426AC-C0E2-3B9C-AB9B-2246859FE9D8}
		{CB9C809F-4D7A-3950-AC55-72DB06FDDF41} = {CB9C809F-4D7A-3950-AC55-72DB06FDDF41}
	EndProjectSection
EndProject
Project("{8BC9CEB8-8B4A-11D0-8D11-00A0C91BC942}") = "tearing", "tests\tearing.vcxproj", "{0F53C88E-AACD-3CF9-975A-C942D3DFA756}"
	ProjectSection(ProjectDependencies) = postProject
		{9B4426AC-C0E2-3B9C-AB9B-2246859FE9D8} = {9B4426AC-C0E2-3B9C-AB9B-2246859FE9D8}
		{CB9C809F-4D7A-3950-AC55-72DB06FDDF41} = {CB9C809F-4D7A-3950-AC55-72DB06FDDF41}
	EndProjectSection
EndProject
Project("{8BC9CEB8-8B4A-11D0-8D11-00A0C91BC942}") = "threads", "tests\threads.vcxproj", "{6D93BB10-26E5-3244-9D05-F80CA491C934}"
	ProjectSection(ProjectDependencies) = postProject
		{9B4426AC-C0E2-3B9C-AB9B-2246859FE9D8} = {9B4426AC-C0E2-3B9C-AB9B-2246859FE9D8}
		{CB9C809F-4D7A-3950-AC55-72DB06FDDF41} = {CB9C809F-4D7A-3950-AC55-72DB06FDDF41}
	EndProjectSection
EndProject
Project("{8BC9CEB8-8B4A-11D0-8D11-00A0C91BC942}") = "timeout", "tests\timeout.vcxproj", "{1DA5DE3F-BE02-3E90-81FF-AF1344D6D928}"
	ProjectSection(ProjectDependencies) = postProject
		{9B4426AC-C0E2-3B9C-AB9B-2246859FE9D8} = {9B4426AC-C0E2-3B9C-AB9B-2246859FE9D8}
		{CB9C809F-4D7A-3950-AC55-72DB06FDDF41} = {CB9C809F-4D7A-3950-AC55-72DB06FDDF41}
	EndProjectSection
EndProject
Project("{8BC9CEB8-8B4A-11D0-8D11-00A0C91BC942}") = "title", "tests\title.vcxproj", "{E9842004-8080-3130-8A76-879FC49DD54D}"
	ProjectSection(ProjectDependencies) = postProject
		{9B4426AC-C0E2-3B9C-AB9B-2246859FE9D8} = {9B4426AC-C0E2-3B9C-AB9B-2246859FE9D8}
		{CB9C809F-4D7A-3950-AC55-72DB06FDDF41} = {CB9C809F-4D7A-3950-AC55-72DB06FDDF41}
	EndProjectSection
EndProject
Project("{8BC9CEB8-8B4A-11D0-8D11-00A0C91BC942}") = "triangle-opengl", "examples\triangle-opengl.vcxproj", "{DAC1FBD0-304A-3253-A4A7-EE0FB407CE05}"
	ProjectSection(ProjectDependencies) = postProject
		{9B4426AC-C0E2-3B9C-AB9B-2246859FE9D8} = {9B4426AC-C0E2-3B9C-AB9B-2246859FE9D8}
		{CB9C809F-4D7A-3950-AC55-72DB06FDDF41} = {CB9C809F-4D7A-3950-AC55-72DB06FDDF41}
	EndProjectSection
EndProject
Project("{8BC9CEB8-8B4A-11D0-8D11-00A0C91BC942}") = "triangle-vulkan", "tests\triangle-vulkan.vcxproj", "{06C6FF58-EFC5-3BCD-82A9-B92860461442}"
	ProjectSection(ProjectDependencies) = postProject
		{9B4426AC-C0E2-3B9C-AB9B-2246859FE9D8} = {9B4426AC-C0E2-3B9C-AB9B-2246859FE9D8}
		{CB9C809F-4D7A-3950-AC55-72DB06FDDF41} = {CB9C809F-4D7A-3950-AC55-72DB06FDDF41}
	EndProjectSection
EndProject
Project("{8BC9CEB8-8B4A-11D0-8D11-00A0C91BC942}") = "uninstall", "uninstall.vcxproj", "{FE51D7C0-4549-3AF5-BF8B-4D06AF5AFBF5}"
	ProjectSection(ProjectDependencies) = postProject
		{9B4426AC-C0E2-3B9C-AB9B-2246859FE9D8} = {9B4426AC-C0E2-3B9C-AB9B-2246859FE9D8}
	EndProjectSection
EndProject
Project("{8BC9CEB8-8B4A-11D0-8D11-00A0C91BC942}") = "wave", "examples\wave.vcxproj", "{7C5EEEBF-0705-3FE5-834C-44CDDE08AA7F}"
	ProjectSection(ProjectDependencies) = postProject
		{9B4426AC-C0E2-3B9C-AB9B-2246859FE9D8} = {9B4426AC-C0E2-3B9C-AB9B-2246859FE9D8}
		{CB9C809F-4D7A-3950-AC55-72DB06FDDF41} = {CB9C809F-4D7A-3950-AC55-72DB06FDDF41}
	EndProjectSection
EndProject
Project("{8BC9CEB8-8B4A-11D0-8D11-00A0C91BC942}") = "windows", "tests\windows.vcxproj", "{E21377D9-AE36-3DF2-A2DC-F883BCA32A9C}"
	ProjectSection(ProjectDependencies) = postProject
		{9B4426AC-C0E2-3B9C-AB9B-2246859FE9D8} = {9B4426AC-C0E2-3B9C-AB9B-2246859FE9D8}
		{CB9C809F-4D7A-3950-AC55-72DB06FDDF41} = {CB9C809F-4D7A-3950-AC55-72DB06FDDF41}
	EndProjectSection
EndProject
Global
	GlobalSection(SolutionConfigurationPlatforms) = preSolution
		Debug|x64 = Debug|x64
		Release|x64 = Release|x64
		MinSizeRel|x64 = MinSizeRel|x64
		RelWithDebInfo|x64 = RelWithDebInfo|x64
	EndGlobalSection
	GlobalSection(ProjectConfigurationPlatforms) = postSolution
		{C870C034-D4F3-3409-8E60-EB6B170B5B9F}.Debug|x64.ActiveCfg = Debug|x64
		{C870C034-D4F3-3409-8E60-EB6B170B5B9F}.Debug|x64.Build.0 = Debug|x64
		{C870C034-D4F3-3409-8E60-EB6B170B5B9F}.Release|x64.ActiveCfg = Release|x64
		{C870C034-D4F3-3409-8E60-EB6B170B5B9F}.Release|x64.Build.0 = Release|x64
		{C870C034-D4F3-3409-8E60-EB6B170B5B9F}.MinSizeRel|x64.ActiveCfg = MinSizeRel|x64
		{C870C034-D4F3-3409-8E60-EB6B170B5B9F}.MinSizeRel|x64.Build.0 = MinSizeRel|x64
		{C870C034-D4F3-3409-8E60-EB6B170B5B9F}.RelWithDebInfo|x64.ActiveCfg = RelWithDebInfo|x64
		{C870C034-D4F3-3409-8E60-EB6B170B5B9F}.RelWithDebInfo|x64.Build.0 = RelWithDebInfo|x64
		{B7DB1C1A-1437-3588-A244-00B580DE477B}.Debug|x64.ActiveCfg = Debug|x64
		{B7DB1C1A-1437-3588-A244-00B580DE477B}.Release|x64.ActiveCfg = Release|x64
		{B7DB1C1A-1437-3588-A244-00B580DE477B}.MinSizeRel|x64.ActiveCfg = MinSizeRel|x64
		{B7DB1C1A-1437-3588-A244-00B580DE477B}.RelWithDebInfo|x64.ActiveCfg = RelWithDebInfo|x64
		{9B4426AC-C0E2-3B9C-AB9B-2246859FE9D8}.Debug|x64.ActiveCfg = Debug|x64
		{9B4426AC-C0E2-3B9C-AB9B-2246859FE9D8}.Debug|x64.Build.0 = Debug|x64
		{9B4426AC-C0E2-3B9C-AB9B-2246859FE9D8}.Release|x64.ActiveCfg = Release|x64
		{9B4426AC-C0E2-3B9C-AB9B-2246859FE9D8}.Release|x64.Build.0 = Release|x64
		{9B4426AC-C0E2-3B9C-AB9B-2246859FE9D8}.MinSizeRel|x64.ActiveCfg = MinSizeRel|x64
		{9B4426AC-C0E2-3B9C-AB9B-2246859FE9D8}.MinSizeRel|x64.Build.0 = MinSizeRel|x64
		{9B4426AC-C0E2-3B9C-AB9B-2246859FE9D8}.RelWithDebInfo|x64.ActiveCfg = RelWithDebInfo|x64
		{9B4426AC-C0E2-3B9C-AB9B-2246859FE9D8}.RelWithDebInfo|x64.Build.0 = RelWithDebInfo|x64
		{0EED9C40-84F5-3D5C-8000-77F2E38A323B}.Debug|x64.ActiveCfg = Debug|x64
		{0EED9C40-84F5-3D5C-8000-77F2E38A323B}.Debug|x64.Build.0 = Debug|x64
		{0EED9C40-84F5-3D5C-8000-77F2E38A323B}.Release|x64.ActiveCfg = Release|x64
		{0EED9C40-84F5-3D5C-8000-77F2E38A323B}.Release|x64.Build.0 = Release|x64
		{0EED9C40-84F5-3D5C-8000-77F2E38A323B}.MinSizeRel|x64.ActiveCfg = MinSizeRel|x64
		{0EED9C40-84F5-3D5C-8000-77F2E38A323B}.MinSizeRel|x64.Build.0 = MinSizeRel|x64
		{0EED9C40-84F5-3D5C-8000-77F2E38A323B}.RelWithDebInfo|x64.ActiveCfg = RelWithDebInfo|x64
		{0EED9C40-84F5-3D5C-8000-77F2E38A323B}.RelWithDebInfo|x64.Build.0 = RelWithDebInfo|x64
		{6E8852F9-D8CE-3C83-8476-09F5CB8BF679}.Debug|x64.ActiveCfg = Debug|x64
		{6E8852F9-D8CE-3C83-8476-09F5CB8BF679}.Debug|x64.Build.0 = Debug|x64
		{6E8852F9-D8CE-3C83-8476-09F5CB8BF679}.Release|x64.ActiveCfg = Release|x64
		{6E8852F9-D8CE-3C83-8476-09F5CB8BF679}.Release|x64.Build.0 = Release|x64
		{6E8852F9-D8CE-3C83-8476-09F5CB8BF679}.MinSizeRel|x64.ActiveCfg = MinSizeRel|x64
		{6E8852F9-D8CE-3C83-8476-09F5CB8BF679}.MinSizeRel|x64.Build.0 = MinSizeRel|x64
		{6E8852F9-D8CE-3C83-8476-09F5CB8BF679}.RelWithDebInfo|x64.ActiveCfg = RelWithDebInfo|x64
		{6E8852F9-D8CE-3C83-8476-09F5CB8BF679}.RelWithDebInfo|x64.Build.0 = RelWithDebInfo|x64
		{4D7F7A18-C3BB-36C8-9AE1-CE4080977B62}.Debug|x64.ActiveCfg = Debug|x64
		{4D7F7A18-C3BB-36C8-9AE1-CE4080977B62}.Debug|x64.Build.0 = Debug|x64
		{4D7F7A18-C3BB-36C8-9AE1-CE4080977B62}.Release|x64.ActiveCfg = Release|x64
		{4D7F7A18-C3BB-36C8-9AE1-CE4080977B62}.Release|x64.Build.0 = Release|x64
		{4D7F7A18-C3BB-36C8-9AE1-CE4080977B62}.MinSizeRel|x64.ActiveCfg = MinSizeRel|x64
		{4D7F7A18-C3BB-36C8-9AE1-CE4080977B62}.MinSizeRel|x64.Build.0 = MinSizeRel|x64
		{4D7F7A18-C3BB-36C8-9AE1-CE4080977B62}.RelWithDebInfo|x64.ActiveCfg = RelWithDebInfo|x64
		{4D7F7A18-C3BB-36C8-9AE1-CE4080977B62}.RelWithDebInfo|x64.Build.0 = RelWithDebInfo|x64
		{F177B366-A006-3F99-AF53-D71523766E19}.Debug|x64.ActiveCfg = Debug|x64
		{F177B366-A006-3F99-AF53-D71523766E19}.Debug|x64.Build.0 = Debug|x64
		{F177B366-A006-3F99-AF53-D71523766E19}.Release|x64.ActiveCfg = Release|x64
		{F177B366-A006-3F99-AF53-D71523766E19}.Release|x64.Build.0 = Release|x64
		{F177B366-A006-3F99-AF53-D71523766E19}.MinSizeRel|x64.ActiveCfg = MinSizeRel|x64
		{F177B366-A006-3F99-AF53-D71523766E19}.MinSizeRel|x64.Build.0 = MinSizeRel|x64
		{F177B366-A006-3F99-AF53-D71523766E19}.RelWithDebInfo|x64.ActiveCfg = RelWithDebInfo|x64
		{F177B366-A006-3F99-AF53-D71523766E19}.RelWithDebInfo|x64.Build.0 = RelWithDebInfo|x64
		{BABC23FB-5EEE-3E8A-AFF7-63158F881417}.Debug|x64.ActiveCfg = Debug|x64
		{BABC23FB-5EEE-3E8A-AFF7-63158F881417}.Debug|x64.Build.0 = Debug|x64
		{BABC23FB-5EEE-3E8A-AFF7-63158F881417}.Release|x64.ActiveCfg = Release|x64
		{BABC23FB-5EEE-3E8A-AFF7-63158F881417}.Release|x64.Build.0 = Release|x64
		{BABC23FB-5EEE-3E8A-AFF7-63158F881417}.MinSizeRel|x64.ActiveCfg = MinSizeRel|x64
		{BABC23FB-5EEE-3E8A-AFF7-63158F881417}.MinSizeRel|x64.Build.0 = MinSizeRel|x64
		{BABC23FB-5EEE-3E8A-AFF7-63158F881417}.RelWithDebInfo|x64.ActiveCfg = RelWithDebInfo|x64
		{BABC23FB-5EEE-3E8A-AFF7-63158F881417}.RelWithDebInfo|x64.Build.0 = RelWithDebInfo|x64
		{DA04C2B1-5A4E-3618-9EE1-E70E4FE94FF0}.Debug|x64.ActiveCfg = Debug|x64
		{DA04C2B1-5A4E-3618-9EE1-E70E4FE94FF0}.Debug|x64.Build.0 = Debug|x64
		{DA04C2B1-5A4E-3618-9EE1-E70E4FE94FF0}.Release|x64.ActiveCfg = Release|x64
		{DA04C2B1-5A4E-3618-9EE1-E70E4FE94FF0}.Release|x64.Build.0 = Release|x64
		{DA04C2B1-5A4E-3618-9EE1-E70E4FE94FF0}.MinSizeRel|x64.ActiveCfg = MinSizeRel|x64
		{DA04C2B1-5A4E-3618-9EE1-E70E4FE94FF0}.MinSizeRel|x64.Build.0 = MinSizeRel|x64
		{DA04C2B1-5A4E-3618-9EE1-E70E4FE94FF0}.RelWithDebInfo|x64.ActiveCfg = RelWithDebInfo|x64
		{DA04C2B1-5A4E-3618-9EE1-E70E4FE94FF0}.RelWithDebInfo|x64.Build.0 = RelWithDebInfo|x64
		{A95F954C-7B91-3236-B29A-6C8F18B52EE9}.Debug|x64.ActiveCfg = Debug|x64
		{A95F954C-7B91-3236-B29A-6C8F18B52EE9}.Debug|x64.Build.0 = Debug|x64
		{A95F954C-7B91-3236-B29A-6C8F18B52EE9}.Release|x64.ActiveCfg = Release|x64
		{A95F954C-7B91-3236-B29A-6C8F18B52EE9}.Release|x64.Build.0 = Release|x64
		{A95F954C-7B91-3236-B29A-6C8F18B52EE9}.MinSizeRel|x64.ActiveCfg = MinSizeRel|x64
		{A95F954C-7B91-3236-B29A-6C8F18B52EE9}.MinSizeRel|x64.Build.0 = MinSizeRel|x64
		{A95F954C-7B91-3236-B29A-6C8F18B52EE9}.RelWithDebInfo|x64.ActiveCfg = RelWithDebInfo|x64
		{A95F954C-7B91-3236-B29A-6C8F18B52EE9}.RelWithDebInfo|x64.Build.0 = RelWithDebInfo|x64
		{CB9C809F-4D7A-3950-AC55-72DB06FDDF41}.Debug|x64.ActiveCfg = Debug|x64
		{CB9C809F-4D7A-3950-AC55-72DB06FDDF41}.Debug|x64.Build.0 = Debug|x64
		{CB9C809F-4D7A-3950-AC55-72DB06FDDF41}.Release|x64.ActiveCfg = Release|x64
		{CB9C809F-4D7A-3950-AC55-72DB06FDDF41}.Release|x64.Build.0 = Release|x64
		{CB9C809F-4D7A-3950-AC55-72DB06FDDF41}.MinSizeRel|x64.ActiveCfg = MinSizeRel|x64
		{CB9C809F-4D7A-3950-AC55-72DB06FDDF41}.MinSizeRel|x64.Build.0 = MinSizeRel|x64
		{CB9C809F-4D7A-3950-AC55-72DB06FDDF41}.RelWithDebInfo|x64.ActiveCfg = RelWithDebInfo|x64
		{CB9C809F-4D7A-3950-AC55-72DB06FDDF41}.RelWithDebInfo|x64.Build.0 = RelWithDebInfo|x64
		{DDF9054C-F513-3CEA-83AA-EAAFD9C1F87A}.Debug|x64.ActiveCfg = Debug|x64
		{DDF9054C-F513-3CEA-83AA-EAAFD9C1F87A}.Debug|x64.Build.0 = Debug|x64
		{DDF9054C-F513-3CEA-83AA-EAAFD9C1F87A}.Release|x64.ActiveCfg = Release|x64
		{DDF9054C-F513-3CEA-83AA-EAAFD9C1F87A}.Release|x64.Build.0 = Release|x64
		{DDF9054C-F513-3CEA-83AA-EAAFD9C1F87A}.MinSizeRel|x64.ActiveCfg = MinSizeRel|x64
		{DDF9054C-F513-3CEA-83AA-EAAFD9C1F87A}.MinSizeRel|x64.Build.0 = MinSizeRel|x64
		{DDF9054C-F513-3CEA-83AA-EAAFD9C1F87A}.RelWithDebInfo|x64.ActiveCfg = RelWithDebInfo|x64
		{DDF9054C-F513-3CEA-83AA-EAAFD9C1F87A}.RelWithDebInfo|x64.Build.0 = RelWithDebInfo|x64
		{F06064B3-0A41-3D09-9CC4-10DA5E38B549}.Debug|x64.ActiveCfg = Debug|x64
		{F06064B3-0A41-3D09-9CC4-10DA5E38B549}.Debug|x64.Build.0 = Debug|x64
		{F06064B3-0A41-3D09-9CC4-10DA5E38B549}.Release|x64.ActiveCfg = Release|x64
		{F06064B3-0A41-3D09-9CC4-10DA5E38B549}.Release|x64.Build.0 = Release|x64
		{F06064B3-0A41-3D09-9CC4-10DA5E38B549}.MinSizeRel|x64.ActiveCfg = MinSizeRel|x64
		{F06064B3-0A41-3D09-9CC4-10DA5E38B549}.MinSizeRel|x64.Build.0 = MinSizeRel|x64
		{F06064B3-0A41-3D09-9CC4-10DA5E38B549}.RelWithDebInfo|x64.ActiveCfg = RelWithDebInfo|x64
		{F06064B3-0A41-3D09-9CC4-10DA5E38B549}.RelWithDebInfo|x64.Build.0 = RelWithDebInfo|x64
		{31BE2BB7-DEA3-3F5C-A86E-39BD609BC1ED}.Debug|x64.ActiveCfg = Debug|x64
		{31BE2BB7-DEA3-3F5C-A86E-39BD609BC1ED}.Debug|x64.Build.0 = Debug|x64
		{31BE2BB7-DEA3-3F5C-A86E-39BD609BC1ED}.Release|x64.ActiveCfg = Release|x64
		{31BE2BB7-DEA3-3F5C-A86E-39BD609BC1ED}.Release|x64.Build.0 = Release|x64
		{31BE2BB7-DEA3-3F5C-A86E-39BD609BC1ED}.MinSizeRel|x64.ActiveCfg = MinSizeRel|x64
		{31BE2BB7-DEA3-3F5C-A86E-39BD609BC1ED}.MinSizeRel|x64.Build.0 = MinSizeRel|x64
		{31BE2BB7-DEA3-3F5C-A86E-39BD609BC1ED}.RelWithDebInfo|x64.ActiveCfg = RelWithDebInfo|x64
		{31BE2BB7-DEA3-3F5C-A86E-39BD609BC1ED}.RelWithDebInfo|x64.Build.0 = RelWithDebInfo|x64
		{1C1CE195-5010-3A1B-88C1-58664FE314F3}.Debug|x64.ActiveCfg = Debug|x64
		{1C1CE195-5010-3A1B-88C1-58664FE314F3}.Debug|x64.Build.0 = Debug|x64
		{1C1CE195-5010-3A1B-88C1-58664FE314F3}.Release|x64.ActiveCfg = Release|x64
		{1C1CE195-5010-3A1B-88C1-58664FE314F3}.Release|x64.Build.0 = Release|x64
		{1C1CE195-5010-3A1B-88C1-58664FE314F3}.MinSizeRel|x64.ActiveCfg = MinSizeRel|x64
		{1C1CE195-5010-3A1B-88C1-58664FE314F3}.MinSizeRel|x64.Build.0 = MinSizeRel|x64
		{1C1CE195-5010-3A1B-88C1-58664FE314F3}.RelWithDebInfo|x64.ActiveCfg = RelWithDebInfo|x64
		{1C1CE195-5010-3A1B-88C1-58664FE314F3}.RelWithDebInfo|x64.Build.0 = RelWithDebInfo|x64
		{255A221A-DCD8-3543-8FA2-118E8B35F135}.Debug|x64.ActiveCfg = Debug|x64
		{255A221A-DCD8-3543-8FA2-118E8B35F135}.Debug|x64.Build.0 = Debug|x64
		{255A221A-DCD8-3543-8FA2-118E8B35F135}.Release|x64.ActiveCfg = Release|x64
		{255A221A-DCD8-3543-8FA2-118E8B35F135}.Release|x64.Build.0 = Release|x64
		{255A221A-DCD8-3543-8FA2-118E8B35F135}.MinSizeRel|x64.ActiveCfg = MinSizeRel|x64
		{255A221A-DCD8-3543-8FA2-118E8B35F135}.MinSizeRel|x64.Build.0 = MinSizeRel|x64
		{255A221A-DCD8-3543-8FA2-118E8B35F135}.RelWithDebInfo|x64.ActiveCfg = RelWithDebInfo|x64
		{255A221A-DCD8-3543-8FA2-118E8B35F135}.RelWithDebInfo|x64.Build.0 = RelWithDebInfo|x64
		{94BDE96C-BE5D-3664-89A5-83651C55A885}.Debug|x64.ActiveCfg = Debug|x64
		{94BDE96C-BE5D-3664-89A5-83651C55A885}.Debug|x64.Build.0 = Debug|x64
		{94BDE96C-BE5D-3664-89A5-83651C55A885}.Release|x64.ActiveCfg = Release|x64
		{94BDE96C-BE5D-3664-89A5-83651C55A885}.Release|x64.Build.0 = Release|x64
		{94BDE96C-BE5D-3664-89A5-83651C55A885}.MinSizeRel|x64.ActiveCfg = MinSizeRel|x64
		{94BDE96C-BE5D-3664-89A5-83651C55A885}.MinSizeRel|x64.Build.0 = MinSizeRel|x64
		{94BDE96C-BE5D-3664-89A5-83651C55A885}.RelWithDebInfo|x64.ActiveCfg = RelWithDebInfo|x64
		{94BDE96C-BE5D-3664-89A5-83651C55A885}.RelWithDebInfo|x64.Build.0 = RelWithDebInfo|x64
		{27048B85-1647-3576-B577-86ABC632A888}.Debug|x64.ActiveCfg = Debug|x64
		{27048B85-1647-3576-B577-86ABC632A888}.Debug|x64.Build.0 = Debug|x64
		{27048B85-1647-3576-B577-86ABC632A888}.Release|x64.ActiveCfg = Release|x64
		{27048B85-1647-3576-B577-86ABC632A888}.Release|x64.Build.0 = Release|x64
		{27048B85-1647-3576-B577-86ABC632A888}.MinSizeRel|x64.ActiveCfg = MinSizeRel|x64
		{27048B85-1647-3576-B577-86ABC632A888}.MinSizeRel|x64.Build.0 = MinSizeRel|x64
		{27048B85-1647-3576-B577-86ABC632A888}.RelWithDebInfo|x64.ActiveCfg = RelWithDebInfo|x64
		{27048B85-1647-3576-B577-86ABC632A888}.RelWithDebInfo|x64.Build.0 = RelWithDebInfo|x64
		{0CCAE8B3-6F8A-34E3-BA0B-3755D5EF49CA}.Debug|x64.ActiveCfg = Debug|x64
		{0CCAE8B3-6F8A-34E3-BA0B-3755D5EF49CA}.Debug|x64.Build.0 = Debug|x64
		{0CCAE8B3-6F8A-34E3-BA0B-3755D5EF49CA}.Release|x64.ActiveCfg = Release|x64
		{0CCAE8B3-6F8A-34E3-BA0B-3755D5EF49CA}.Release|x64.Build.0 = Release|x64
		{0CCAE8B3-6F8A-34E3-BA0B-3755D5EF49CA}.MinSizeRel|x64.ActiveCfg = MinSizeRel|x64
		{0CCAE8B3-6F8A-34E3-BA0B-3755D5EF49CA}.MinSizeRel|x64.Build.0 = MinSizeRel|x64
		{0CCAE8B3-6F8A-34E3-BA0B-3755D5EF49CA}.RelWithDebInfo|x64.ActiveCfg = RelWithDebInfo|x64
		{0CCAE8B3-6F8A-34E3-BA0B-3755D5EF49CA}.RelWithDebInfo|x64.Build.0 = RelWithDebInfo|x64
		{05DC5F7F-3670-3FF7-8B50-2CCE7F0BB8F7}.Debug|x64.ActiveCfg = Debug|x64
		{05DC5F7F-3670-3FF7-8B50-2CCE7F0BB8F7}.Debug|x64.Build.0 = Debug|x64
		{05DC5F7F-3670-3FF7-8B50-2CCE7F0BB8F7}.Release|x64.ActiveCfg = Release|x64
		{05DC5F7F-3670-3FF7-8B50-2CCE7F0BB8F7}.Release|x64.Build.0 = Release|x64
		{05DC5F7F-3670-3FF7-8B50-2CCE7F0BB8F7}.MinSizeRel|x64.ActiveCfg = MinSizeRel|x64
		{05DC5F7F-3670-3FF7-8B50-2CCE7F0BB8F7}.MinSizeRel|x64.Build.0 = MinSizeRel|x64
		{05DC5F7F-3670-3FF7-8B50-2CCE7F0BB8F7}.RelWithDebInfo|x64.ActiveCfg = RelWithDebInfo|x64
		{05DC5F7F-3670-3FF7-8B50-2CCE7F0BB8F7}.RelWithDebInfo|x64.Build.0 = RelWithDebInfo|x64
		{7BBF1511-B735-3844-9ACE-41FA8F8B150B}.Debug|x64.ActiveCfg = Debug|x64
		{7BBF1511-B735-3844-9ACE-41FA8F8B150B}.Debug|x64.Build.0 = Debug|x64
		{7BBF1511-B735-3844-9ACE-41FA8F8B150B}.Release|x64.ActiveCfg = Release|x64
		{7BBF1511-B735-3844-9ACE-41FA8F8B150B}.Release|x64.Build.0 = Release|x64
		{7BBF1511-B735-3844-9ACE-41FA8F8B150B}.MinSizeRel|x64.ActiveCfg = MinSizeRel|x64
		{7BBF1511-B735-3844-9ACE-41FA8F8B150B}.MinSizeRel|x64.Build.0 = MinSizeRel|x64
		{7BBF1511-B735-3844-9ACE-41FA8F8B150B}.RelWithDebInfo|x64.ActiveCfg = RelWithDebInfo|x64
		{7BBF1511-B735-3844-9ACE-41FA8F8B150B}.RelWithDebInfo|x64.Build.0 = RelWithDebInfo|x64
		{41F6722A-E20D-37C8-A443-3252D08654C1}.Debug|x64.ActiveCfg = Debug|x64
		{41F6722A-E20D-37C8-A443-3252D08654C1}.Debug|x64.Build.0 = Debug|x64
		{41F6722A-E20D-37C8-A443-3252D08654C1}.Release|x64.ActiveCfg = Release|x64
		{41F6722A-E20D-37C8-A443-3252D08654C1}.Release|x64.Build.0 = Release|x64
		{41F6722A-E20D-37C8-A443-3252D08654C1}.MinSizeRel|x64.ActiveCfg = MinSizeRel|x64
		{41F6722A-E20D-37C8-A443-3252D08654C1}.MinSizeRel|x64.Build.0 = MinSizeRel|x64
		{41F6722A-E20D-37C8-A443-3252D08654C1}.RelWithDebInfo|x64.ActiveCfg = RelWithDebInfo|x64
		{41F6722A-E20D-37C8-A443-3252D08654C1}.RelWithDebInfo|x64.Build.0 = RelWithDebInfo|x64
		{B2260415-2F47-3B2C-9A74-5158C6482916}.Debug|x64.ActiveCfg = Debug|x64
		{B2260415-2F47-3B2C-9A74-5158C6482916}.Debug|x64.Build.0 = Debug|x64
		{B2260415-2F47-3B2C-9A74-5158C6482916}.Release|x64.ActiveCfg = Release|x64
		{B2260415-2F47-3B2C-9A74-5158C6482916}.Release|x64.Build.0 = Release|x64
		{B2260415-2F47-3B2C-9A74-5158C6482916}.MinSizeRel|x64.ActiveCfg = MinSizeRel|x64
		{B2260415-2F47-3B2C-9A74-5158C6482916}.MinSizeRel|x64.Build.0 = MinSizeRel|x64
		{B2260415-2F47-3B2C-9A74-5158C6482916}.RelWithDebInfo|x64.ActiveCfg = RelWithDebInfo|x64
		{B2260415-2F47-3B2C-9A74-5158C6482916}.RelWithDebInfo|x64.Build.0 = RelWithDebInfo|x64
		{89C08C7F-9309-3404-8F95-40C3133AA38E}.Debug|x64.ActiveCfg = Debug|x64
		{89C08C7F-9309-3404-8F95-40C3133AA38E}.Debug|x64.Build.0 = Debug|x64
		{89C08C7F-9309-3404-8F95-40C3133AA38E}.Release|x64.ActiveCfg = Release|x64
		{89C08C7F-9309-3404-8F95-40C3133AA38E}.Release|x64.Build.0 = Release|x64
		{89C08C7F-9309-3404-8F95-40C3133AA38E}.MinSizeRel|x64.ActiveCfg = MinSizeRel|x64
		{89C08C7F-9309-3404-8F95-40C3133AA38E}.MinSizeRel|x64.Build.0 = MinSizeRel|x64
		{89C08C7F-9309-3404-8F95-40C3133AA38E}.RelWithDebInfo|x64.ActiveCfg = RelWithDebInfo|x64
		{89C08C7F-9309-3404-8F95-40C3133AA38E}.RelWithDebInfo|x64.Build.0 = RelWithDebInfo|x64
		{4F841FBB-3051-3C1F-87C6-2FFF346F2D97}.Debug|x64.ActiveCfg = Debug|x64
		{4F841FBB-3051-3C1F-87C6-2FFF346F2D97}.Debug|x64.Build.0 = Debug|x64
		{4F841FBB-3051-3C1F-87C6-2FFF346F2D97}.Release|x64.ActiveCfg = Release|x64
		{4F841FBB-3051-3C1F-87C6-2FFF346F2D97}.Release|x64.Build.0 = Release|x64
		{4F841FBB-3051-3C1F-87C6-2FFF346F2D97}.MinSizeRel|x64.ActiveCfg = MinSizeRel|x64
		{4F841FBB-3051-3C1F-87C6-2FFF346F2D97}.MinSizeRel|x64.Build.0 = MinSizeRel|x64
		{4F841FBB-3051-3C1F-87C6-2FFF346F2D97}.RelWithDebInfo|x64.ActiveCfg = RelWithDebInfo|x64
		{4F841FBB-3051-3C1F-87C6-2FFF346F2D97}.RelWithDebInfo|x64.Build.0 = RelWithDebInfo|x64
		{0F53C88E-AACD-3CF9-975A-C942D3DFA756}.Debug|x64.ActiveCfg = Debug|x64
		{0F53C88E-AACD-3CF9-975A-C942D3DFA756}.Debug|x64.Build.0 = Debug|x64
		{0F53C88E-AACD-3CF9-975A-C942D3DFA756}.Release|x64.ActiveCfg = Release|x64
		{0F53C88E-AACD-3CF9-975A-C942D3DFA756}.Release|x64.Build.0 = Release|x64
		{0F53C88E-AACD-3CF9-975A-C942D3DFA756}.MinSizeRel|x64.ActiveCfg = MinSizeRel|x64
		{0F53C88E-AACD-3CF9-975A-C942D3DFA756}.MinSizeRel|x64.Build.0 = MinSizeRel|x64
		{0F53C88E-AACD-3CF9-975A-C942D3DFA756}.RelWithDebInfo|x64.ActiveCfg = RelWithDebInfo|x64
		{0F53C88E-AACD-3CF9-975A-C942D3DFA756}.RelWithDebInfo|x64.Build.0 = RelWithDebInfo|x64
		{6D93BB10-26E5-3244-9D05-F80CA491C934}.Debug|x64.ActiveCfg = Debug|x64
		{6D93BB10-26E5-3244-9D05-F80CA491C934}.Debug|x64.Build.0 = Debug|x64
		{6D93BB10-26E5-3244-9D05-F80CA491C934}.Release|x64.ActiveCfg = Release|x64
		{6D93BB10-26E5-3244-9D05-F80CA491C934}.Release|x64.Build.0 = Release|x64
		{6D93BB10-26E5-3244-9D05-F80CA491C934}.MinSizeRel|x64.ActiveCfg = MinSizeRel|x64
		{6D93BB10-26E5-3244-9D05-F80CA491C934}.MinSizeRel|x64.Build.0 = MinSizeRel|x64
		{6D93BB10-26E5-3244-9D05-F80CA491C934}.RelWithDebInfo|x64.ActiveCfg = RelWithDebInfo|x64
		{6D93BB10-26E5-3244-9D05-F80CA491C934}.RelWithDebInfo|x64.Build.0 = RelWithDebInfo|x64
		{1DA5DE3F-BE02-3E90-81FF-AF1344D6D928}.Debug|x64.ActiveCfg = Debug|x64
		{1DA5DE3F-BE02-3E90-81FF-AF1344D6D928}.Debug|x64.Build.0 = Debug|x64
		{1DA5DE3F-BE02-3E90-81FF-AF1344D6D928}.Release|x64.ActiveCfg = Release|x64
		{1DA5DE3F-BE02-3E90-81FF-AF1344D6D928}.Release|x64.Build.0 = Release|x64
		{1DA5DE3F-BE02-3E90-81FF-AF1344D6D928}.MinSizeRel|x64.ActiveCfg = MinSizeRel|x64
		{1DA5DE3F-BE02-3E90-81FF-AF1344D6D928}.MinSizeRel|x64.Build.0 = MinSizeRel|x64
		{1DA5DE3F-BE02-3E90-81FF-AF1344D6D928}.RelWithDebInfo|x64.ActiveCfg = RelWithDebInfo|x64
		{1DA5DE3F-BE02-3E90-81FF-AF1344D6D928}.RelWithDebInfo|x64.Build.0 = RelWithDebInfo|x64
		{E9842004-8080-3130-8A76-879FC49DD54D}.Debug|x64.ActiveCfg = Debug|x64
		{E9842004-8080-3130-8A76-879FC49DD54D}.Debug|x64.Build.0 = Debug|x64
		{E9842004-8080-3130-8A76-879FC49DD54D}.Release|x64.ActiveCfg = Release|x64
		{E9842004-8080-3130-8A76-879FC49DD54D}.Release|x64.Build.0 = Release|x64
		{E9842004-8080-3130-8A76-879FC49DD54D}.MinSizeRel|x64.ActiveCfg = MinSizeRel|x64
		{E9842004-8080-3130-8A76-879FC49DD54D}.MinSizeRel|x64.Build.0 = MinSizeRel|x64
		{E9842004-8080-3130-8A76-879FC49DD54D}.RelWithDebInfo|x64.ActiveCfg = RelWithDebInfo|x64
		{E9842004-8080-3130-8A76-879FC49DD54D}.RelWithDebInfo|x64.Build.0 = RelWithDebInfo|x64
		{DAC1FBD0-304A-3253-A4A7-EE0FB407CE05}.Debug|x64.ActiveCfg = Debug|x64
		{DAC1FBD0-304A-3253-A4A7-EE0FB407CE05}.Debug|x64.Build.0 = Debug|x64
		{DAC1FBD0-304A-3253-A4A7-EE0FB407CE05}.Release|x64.ActiveCfg = Release|x64
		{DAC1FBD0-304A-3253-A4A7-EE0FB407CE05}.Release|x64.Build.0 = Release|x64
		{DAC1FBD0-304A-3253-A4A7-EE0FB407CE05}.MinSizeRel|x64.ActiveCfg = MinSizeRel|x64
		{DAC1FBD0-304A-3253-A4A7-EE0FB407CE05}.MinSizeRel|x64.Build.0 = MinSizeRel|x64
		{DAC1FBD0-304A-3253-A4A7-EE0FB407CE05}.RelWithDebInfo|x64.ActiveCfg = RelWithDebInfo|x64
		{DAC1FBD0-304A-3253-A4A7-EE0FB407CE05}.RelWithDebInfo|x64.Build.0 = RelWithDebInfo|x64
		{06C6FF58-EFC5-3BCD-82A9-B92860461442}.Debug|x64.ActiveCfg = Debug|x64
		{06C6FF58-EFC5-3BCD-82A9-B92860461442}.Debug|x64.Build.0 = Debug|x64
		{06C6FF58-EFC5-3BCD-82A9-B92860461442}.Release|x64.ActiveCfg = Release|x64
		{06C6FF58-EFC5-3BCD-82A9-B92860461442}.Release|x64.Build.0 = Release|x64
		{06C6FF58-EFC5-3BCD-82A9-B92860461442}.MinSizeRel|x64.ActiveCfg = MinSizeRel|x64
		{06C6FF58-EFC5-3BCD-82A9-B92860461442}.MinSizeRel|x64.Build.0 = MinSizeRel|x64
		{06C6FF58-EFC5-3BCD-82A9-B92860461442}.RelWithDebInfo|x64.ActiveCfg = RelWithDebInfo|x64
		{06C6FF58-EFC5-3BCD-82A9-B92860461442}.RelWithDebInfo|x64.Build.0 = RelWithDebInfo|x64
		{FE51D7C0-4549-3AF5-BF8B-4D06AF5AFBF5}.Debug|x64.ActiveCfg = Debug|x64
		{FE51D7C0-4549-3AF5-BF8B-4D06AF5AFBF5}.Release|x64.ActiveCfg = Release|x64
		{FE51D7C0-4549-3AF5-BF8B-4D06AF5AFBF5}.MinSizeRel|x64.ActiveCfg = MinSizeRel|x64
		{FE51D7C0-4549-3AF5-BF8B-4D06AF5AFBF5}.RelWithDebInfo|x64.ActiveCfg = RelWithDebInfo|x64
		{7C5EEEBF-0705-3FE5-834C-44CDDE08AA7F}.Debug|x64.ActiveCfg = Debug|x64
		{7C5EEEBF-0705-3FE5-834C-44CDDE08AA7F}.Debug|x64.Build.0 = Debug|x64
		{7C5EEEBF-0705-3FE5-834C-44CDDE08AA7F}.Release|x64.ActiveCfg = Release|x64
		{7C5EEEBF-0705-3FE5-834C-44CDDE08AA7F}.Release|x64.Build.0 = Release|x64
		{7C5EEEBF-0705-3FE5-834C-44CDDE08AA7F}.MinSizeRel|x64.ActiveCfg = MinSizeRel|x64
		{7C5EEEBF-0705-3FE5-834C-44CDDE08AA7F}.MinSizeRel|x64.Build.0 = MinSizeRel|x64
		{7C5EEEBF-0705-3FE5-834C-44CDDE08AA7F}.RelWithDebInfo|x64.ActiveCfg = RelWithDebInfo|x64
		{7C5EEEBF-0705-3FE5-834C-44CDDE08AA7F}.RelWithDebInfo|x64.Build.0 = RelWithDebInfo|x64
		{E21377D9-AE36-3DF2-A2DC-F883BCA32A9C}.Debug|x64.ActiveCfg = Debug|x64
		{E21377D9-AE36-3DF2-A2DC-F883BCA32A9C}.Debug|x64.Build.0 = Debug|x64
		{E21377D9-AE36-3DF2-A2DC-F883BCA32A9C}.Release|x64.ActiveCfg = Release|x64
		{E21377D9-AE36-3DF2-A2DC-F883BCA32A9C}.Release|x64.Build.0 = Release|x64
		{E21377D9-AE36-3DF2-A2DC-F883BCA32A9C}.MinSizeRel|x64.ActiveCfg = MinSizeRel|x64
		{E21377D9-AE36-3DF2-A2DC-F883BCA32A9C}.MinSizeRel|x64.Build.0 = MinSizeRel|x64
		{E21377D9-AE36-3DF2-A2DC-F883BCA32A9C}.RelWithDebInfo|x64.ActiveCfg = RelWithDebInfo|x64
		{E21377D9-AE36-3DF2-A2DC-F883BCA32A9C}.RelWithDebInfo|x64.Build.0 = RelWithDebInfo|x64
	EndGlobalSection
	GlobalSection(NestedProjects) = preSolution
		{C870C034-D4F3-3409-8E60-EB6B170B5B9F} = {C68222B6-6DE1-3647-88D3-08AEDB2C5509}
		{B7DB1C1A-1437-3588-A244-00B580DE477B} = {C68222B6-6DE1-3647-88D3-08AEDB2C5509}
		{9B4426AC-C0E2-3B9C-AB9B-2246859FE9D8} = {C68222B6-6DE1-3647-88D3-08AEDB2C5509}
		{F01CB38A-EC6E-34E9-87FE-FD8184CB6282} = {CAFB074A-0053-3951-889D-AFD5D7912B6C}
		{3F50B82E-79C5-3B29-B6C3-58C93E1F2841} = {CAFB074A-0053-3951-889D-AFD5D7912B6C}
		{CB9C809F-4D7A-3950-AC55-72DB06FDDF41} = {CAFB074A-0053-3951-889D-AFD5D7912B6C}
		{FE51D7C0-4549-3AF5-BF8B-4D06AF5AFBF5} = {CAFB074A-0053-3951-889D-AFD5D7912B6C}
		{0EED9C40-84F5-3D5C-8000-77F2E38A323B} = {F01CB38A-EC6E-34E9-87FE-FD8184CB6282}
		{A95F954C-7B91-3236-B29A-6C8F18B52EE9} = {F01CB38A-EC6E-34E9-87FE-FD8184CB6282}
		{F06064B3-0A41-3D09-9CC4-10DA5E38B549} = {F01CB38A-EC6E-34E9-87FE-FD8184CB6282}
		{05DC5F7F-3670-3FF7-8B50-2CCE7F0BB8F7} = {F01CB38A-EC6E-34E9-87FE-FD8184CB6282}
		{41F6722A-E20D-37C8-A443-3252D08654C1} = {F01CB38A-EC6E-34E9-87FE-FD8184CB6282}
		{89C08C7F-9309-3404-8F95-40C3133AA38E} = {F01CB38A-EC6E-34E9-87FE-FD8184CB6282}
		{4F841FBB-3051-3C1F-87C6-2FFF346F2D97} = {F01CB38A-EC6E-34E9-87FE-FD8184CB6282}
		{DAC1FBD0-304A-3253-A4A7-EE0FB407CE05} = {F01CB38A-EC6E-34E9-87FE-FD8184CB6282}
		{7C5EEEBF-0705-3FE5-834C-44CDDE08AA7F} = {F01CB38A-EC6E-34E9-87FE-FD8184CB6282}
		{6E8852F9-D8CE-3C83-8476-09F5CB8BF679} = {3F50B82E-79C5-3B29-B6C3-58C93E1F2841}
		{4D7F7A18-C3BB-36C8-9AE1-CE4080977B62} = {3F50B82E-79C5-3B29-B6C3-58C93E1F2841}
		{F177B366-A006-3F99-AF53-D71523766E19} = {3F50B82E-79C5-3B29-B6C3-58C93E1F2841}
		{BABC23FB-5EEE-3E8A-AFF7-63158F881417} = {3F50B82E-79C5-3B29-B6C3-58C93E1F2841}
		{DA04C2B1-5A4E-3618-9EE1-E70E4FE94FF0} = {3F50B82E-79C5-3B29-B6C3-58C93E1F2841}
		{DDF9054C-F513-3CEA-83AA-EAAFD9C1F87A} = {3F50B82E-79C5-3B29-B6C3-58C93E1F2841}
		{31BE2BB7-DEA3-3F5C-A86E-39BD609BC1ED} = {3F50B82E-79C5-3B29-B6C3-58C93E1F2841}
		{1C1CE195-5010-3A1B-88C1-58664FE314F3} = {3F50B82E-79C5-3B29-B6C3-58C93E1F2841}
		{255A221A-DCD8-3543-8FA2-118E8B35F135} = {3F50B82E-79C5-3B29-B6C3-58C93E1F2841}
		{94BDE96C-BE5D-3664-89A5-83651C55A885} = {3F50B82E-79C5-3B29-B6C3-58C93E1F2841}
		{27048B85-1647-3576-B577-86ABC632A888} = {3F50B82E-79C5-3B29-B6C3-58C93E1F2841}
		{0CCAE8B3-6F8A-34E3-BA0B-3755D5EF49CA} = {3F50B82E-79C5-3B29-B6C3-58C93E1F2841}
		{7BBF1511-B735-3844-9ACE-41FA8F8B150B} = {3F50B82E-79C5-3B29-B6C3-58C93E1F2841}
		{B2260415-2F47-3B2C-9A74-5158C6482916} = {3F50B82E-79C5-3B29-B6C3-58C93E1F2841}
		{0F53C88E-AACD-3CF9-975A-C942D3DFA756} = {3F50B82E-79C5-3B29-B6C3-58C93E1F2841}
		{6D93BB10-26E5-3244-9D05-F80CA491C934} = {3F50B82E-79C5-3B29-B6C3-58C93E1F2841}
		{1DA5DE3F-BE02-3E90-81FF-AF1344D6D928} = {3F50B82E-79C5-3B29-B6C3-58C93E1F2841}
		{E9842004-8080-3130-8A76-879FC49DD54D} = {3F50B82E-79C5-3B29-B6C3-58C93E1F2841}
		{06C6FF58-EFC5-3BCD-82A9-B92860461442} = {3F50B82E-79C5-3B29-B6C3-58C93E1F2841}
		{E21377D9-AE36-3DF2-A2DC-F883BCA32A9C} = {3F50B82E-79C5-3B29-B6C3-58C93E1F2841}
	EndGlobalSection
	GlobalSection(ExtensibilityGlobals) = postSolution
		SolutionGuid = {EAECF884-5C24-3233-B3E1-4B37EB310BCC}
	EndGlobalSection
	GlobalSection(ExtensibilityAddIns) = postSolution
	EndGlobalSection
EndGlobal
