Microsoft Visual Studio Solution File, Format Version 12.00
# Visual Studio 15
Project("{2150E333-8FDC-42A3-9474-1A3956D46DE8}") = "CMakePredefinedTargets", "CMakePredefinedTargets", "{A9EB2F7B-120C-3438-BA01-3485D7D05C74}"
EndProject
Project("{2150E333-8FDC-42A3-9474-1A3956D46DE8}") = "GLFW3", "GLFW3", "{C87E452C-1065-3BA0-94F4-F708CFEE7A2F}"
EndProject
Project("{2150E333-8FDC-42A3-9474-1A3956D46DE8}") = "Examples", "GLFW3\Examples", "{D09BD0F8-C2DC-3E10-BA07-2ECAE3590493}"
EndProject
Project("{2150E333-8FDC-42A3-9474-1A3956D46DE8}") = "Tests", "GLFW3\Tests", "{E4F6A86C-017E-30D5-9B5A-E2EF99CFC76A}"
EndProject
Project("{8BC9CEB8-8B4A-11D0-8D11-00A0C91BC942}") = "ALL_BUILD", "ALL_BUILD.vcxproj", "{C17CED19-13AE-3B4F-87CF-337F47263356}"
	ProjectSection(ProjectDependencies) = postProject
		{A08864C8-A95C-398E-A794-657F94F7D251} = {A08864C8-A95C-398E-A794-657F94F7D251}
		{7409FC55-31D6-392F-B336-F581A0776BB1} = {7409FC55-31D6-392F-B336-F581A0776BB1}
		{FEA8BAEC-7951-3390-AFB2-2D2F0C6E7B78} = {FEA8BAEC-7951-3390-AFB2-2D2F0C6E7B78}
		{A6779840-4AB0-3B53-AF3F-D9818613222C} = {A6779840-4AB0-3B53-AF3F-D9818613222C}
		{6D6B3D34-300B-3D63-B3C6-6929ECA9B542} = {6D6B3D34-300B-3D63-B3C6-6929ECA9B542}
		{06B91137-A56F-36BB-A680-66417D1457DA} = {06B91137-A56F-36BB-A680-66417D1457DA}
		{4EE2D366-9BFB-38EC-A31D-E7E0567295CB} = {4EE2D366-9BFB-38EC-A31D-E7E0567295CB}
		{7965E02F-1DC6-3336-AF24-813C0D44DADA} = {7965E02F-1DC6-3336-AF24-813C0D44DADA}
		{F8C1E574-AAD1-3AFA-9429-B26773D54764} = {F8C1E574-AAD1-3AFA-9429-B26773D54764}
		{B89F9295-70C7-3011-8429-723559702BB1} = {B89F9295-70C7-3011-8429-723559702BB1}
		{A0195ACB-CC8F-3609-9E0B-E758696A7232} = {A0195ACB-CC8F-3609-9E0B-E758696A7232}
		{74477B49-8734-35A7-8427-02748CD98379} = {74477B49-8734-35A7-8427-02748CD98379}
		{510B6E9D-BFB1-3C39-9762-84D5A2BC373E} = {510B6E9D-BFB1-3C39-9762-84D5A2BC373E}
		{28FADF20-A1BA-3D40-8E81-5A810C856644} = {28FADF20-A1BA-3D40-8E81-5A810C856644}
		{8F7EB8D2-01EC-361B-8869-788D10B931A0} = {8F7EB8D2-01EC-361B-8869-788D10B931A0}
		{1ED2E1D1-190C-3C0F-B5AB-3328BB9E3C49} = {1ED2E1D1-190C-3C0F-B5AB-3328BB9E3C49}
		{E7992F6B-6AE1-304A-834D-D69F95F62C03} = {E7992F6B-6AE1-304A-834D-D69F95F62C03}
		{51DF51C4-BF0E-3B32-9949-F43AD31AE9BB} = {51DF51C4-BF0E-3B32-9949-F43AD31AE9BB}
		{950CA229-7C73-341E-80E5-F32FA1BBDF9C} = {950CA229-7C73-341E-80E5-F32FA1BBDF9C}
		{2C74C767-1B2E-335E-A6E5-C69B60BF1B9A} = {2C74C767-1B2E-335E-A6E5-C69B60BF1B9A}
		{C51A3F4F-478F-3047-857E-340915275E30} = {C51A3F4F-478F-3047-857E-340915275E30}
		{3C49C7D5-1CD7-361B-BD72-5450E23FF98E} = {3C49C7D5-1CD7-361B-BD72-5450E23FF98E}
		{D113D7DD-7BD1-3735-9C26-67A65E54CA14} = {D113D7DD-7BD1-3735-9C26-67A65E54CA14}
		{609A6082-67B9-39F7-8107-9E09862CE816} = {609A6082-67B9-39F7-8107-9E09862CE816}
		{C45D4BD3-93A3-33C3-899F-0826138D4DCA} = {C45D4BD3-93A3-33C3-899F-0826138D4DCA}
		{D9970445-9587-323B-BE7C-2B1EEC0B1DEA} = {D9970445-9587-323B-BE7C-2B1EEC0B1DEA}
		{217FC958-DA15-31D9-A594-FF4661565527} = {217FC958-DA15-31D9-A594-FF4661565527}
		{9CDDB2F6-96D3-34D0-8276-F3EED738A9F3} = {9CDDB2F6-96D3-34D0-8276-F3EED738A9F3}
		{987C78BA-F9B5-370E-B793-375BC1E86034} = {987C78BA-F9B5-370E-B793-375BC1E86034}
		{44B67E86-15E2-3F5E-B653-D81763AF67AB} = {44B67E86-15E2-3F5E-B653-D81763AF67AB}
		{4624C8BE-7CF2-30D4-A8DB-46AA915E7BD6} = {4624C8BE-7CF2-30D4-A8DB-46AA915E7BD6}
	EndProjectSection
EndProject
Project("{8BC9CEB8-8B4A-11D0-8D11-00A0C91BC942}") = "INSTALL", "INSTALL.vcxproj", "{78096347-426E-3C15-A510-5A2F52E06AED}"
	ProjectSection(ProjectDependencies) = postProject
		{C17CED19-13AE-3B4F-87CF-337F47263356} = {C17CED19-13AE-3B4F-87CF-337F47263356}
		{A08864C8-A95C-398E-A794-657F94F7D251} = {A08864C8-A95C-398E-A794-657F94F7D251}
	EndProjectSection
EndProject
Project("{8BC9CEB8-8B4A-11D0-8D11-00A0C91BC942}") = "ZERO_CHECK", "ZERO_CHECK.vcxproj", "{A08864C8-A95C-398E-A794-657F94F7D251}"
	ProjectSection(ProjectDependencies) = postProject
	EndProjectSection
EndProject
Project("{8BC9CEB8-8B4A-11D0-8D11-00A0C91BC942}") = "boing", "examples\boing.vcxproj", "{7409FC55-31D6-392F-B336-F581A0776BB1}"
	ProjectSection(ProjectDependencies) = postProject
		{A08864C8-A95C-398E-A794-657F94F7D251} = {A08864C8-A95C-398E-A794-657F94F7D251}
		{F8C1E574-AAD1-3AFA-9429-B26773D54764} = {F8C1E574-AAD1-3AFA-9429-B26773D54764}
	EndProjectSection
EndProject
Project("{8BC9CEB8-8B4A-11D0-8D11-00A0C91BC942}") = "clipboard", "tests\clipboard.vcxproj", "{FEA8BAEC-7951-3390-AFB2-2D2F0C6E7B78}"
	ProjectSection(ProjectDependencies) = postProject
		{A08864C8-A95C-398E-A794-657F94F7D251} = {A08864C8-A95C-398E-A794-657F94F7D251}
		{F8C1E574-AAD1-3AFA-9429-B26773D54764} = {F8C1E574-AAD1-3AFA-9429-B26773D54764}
	EndProjectSection
EndProject
Project("{8BC9CEB8-8B4A-11D0-8D11-00A0C91BC942}") = "cursor", "tests\cursor.vcxproj", "{A6779840-4AB0-3B53-AF3F-D9818613222C}"
	ProjectSection(ProjectDependencies) = postProject
		{A08864C8-A95C-398E-A794-657F94F7D251} = {A08864C8-A95C-398E-A794-657F94F7D251}
		{F8C1E574-AAD1-3AFA-9429-B26773D54764} = {F8C1E574-AAD1-3AFA-9429-B26773D54764}
	EndProjectSection
EndProject
Project("{8BC9CEB8-8B4A-11D0-8D11-00A0C91BC942}") = "empty", "tests\empty.vcxproj", "{6D6B3D34-300B-3D63-B3C6-6929ECA9B542}"
	ProjectSection(ProjectDependencies) = postProject
		{A08864C8-A95C-398E-A794-657F94F7D251} = {A08864C8-A95C-398E-A794-657F94F7D251}
		{F8C1E574-AAD1-3AFA-9429-B26773D54764} = {F8C1E574-AAD1-3AFA-9429-B26773D54764}
	EndProjectSection
EndProject
Project("{8BC9CEB8-8B4A-11D0-8D11-00A0C91BC942}") = "events", "tests\events.vcxproj", "{06B91137-A56F-36BB-A680-66417D1457DA}"
	ProjectSection(ProjectDependencies) = postProject
		{A08864C8-A95C-398E-A794-657F94F7D251} = {A08864C8-A95C-398E-A794-657F94F7D251}
		{F8C1E574-AAD1-3AFA-9429-B26773D54764} = {F8C1E574-AAD1-3AFA-9429-B26773D54764}
	EndProjectSection
EndProject
Project("{8BC9CEB8-8B4A-11D0-8D11-00A0C91BC942}") = "gamma", "tests\gamma.vcxproj", "{4EE2D366-9BFB-38EC-A31D-E7E0567295CB}"
	ProjectSection(ProjectDependencies) = postProject
		{A08864C8-A95C-398E-A794-657F94F7D251} = {A08864C8-A95C-398E-A794-657F94F7D251}
		{F8C1E574-AAD1-3AFA-9429-B26773D54764} = {F8C1E574-AAD1-3AFA-9429-B26773D54764}
	EndProjectSection
EndProject
Project("{8BC9CEB8-8B4A-11D0-8D11-00A0C91BC942}") = "gears", "examples\gears.vcxproj", "{7965E02F-1DC6-3336-AF24-813C0D44DADA}"
	ProjectSection(ProjectDependencies) = postProject
		{A08864C8-A95C-398E-A794-657F94F7D251} = {A08864C8-A95C-398E-A794-657F94F7D251}
		{F8C1E574-AAD1-3AFA-9429-B26773D54764} = {F8C1E574-AAD1-3AFA-9429-B26773D54764}
	EndProjectSection
EndProject
Project("{8BC9CEB8-8B4A-11D0-8D11-00A0C91BC942}") = "glfw", "src\glfw.vcxproj", "{F8C1E574-AAD1-3AFA-9429-B26773D54764}"
	ProjectSection(ProjectDependencies) = postProject
		{A08864C8-A95C-398E-A794-657F94F7D251} = {A08864C8-A95C-398E-A794-657F94F7D251}
	EndProjectSection
EndProject
Project("{8BC9CEB8-8B4A-11D0-8D11-00A0C91BC942}") = "glfwinfo", "tests\glfwinfo.vcxproj", "{B89F9295-70C7-3011-8429-723559702BB1}"
	ProjectSection(ProjectDependencies) = postProject
		{A08864C8-A95C-398E-A794-657F94F7D251} = {A08864C8-A95C-398E-A794-657F94F7D251}
		{F8C1E574-AAD1-3AFA-9429-B26773D54764} = {F8C1E574-AAD1-3AFA-9429-B26773D54764}
	EndProjectSection
EndProject
Project("{8BC9CEB8-8B4A-11D0-8D11-00A0C91BC942}") = "heightmap", "examples\heightmap.vcxproj", "{A0195ACB-CC8F-3609-9E0B-E758696A7232}"
	ProjectSection(ProjectDependencies) = postProject
		{A08864C8-A95C-398E-A794-657F94F7D251} = {A08864C8-A95C-398E-A794-657F94F7D251}
		{F8C1E574-AAD1-3AFA-9429-B26773D54764} = {F8C1E574-AAD1-3AFA-9429-B26773D54764}
	EndProjectSection
EndProject
Project("{8BC9CEB8-8B4A-11D0-8D11-00A0C91BC942}") = "icon", "tests\icon.vcxproj", "{74477B49-8734-35A7-8427-02748CD98379}"
	ProjectSection(ProjectDependencies) = postProject
		{A08864C8-A95C-398E-A794-657F94F7D251} = {A08864C8-A95C-398E-A794-657F94F7D251}
		{F8C1E574-AAD1-3AFA-9429-B26773D54764} = {F8C1E574-AAD1-3AFA-9429-B26773D54764}
	EndProjectSection
EndProject
Project("{8BC9CEB8-8B4A-11D0-8D11-00A0C91BC942}") = "iconify", "tests\iconify.vcxproj", "{510B6E9D-BFB1-3C39-9762-84D5A2BC373E}"
	ProjectSection(ProjectDependencies) = postProject
		{A08864C8-A95C-398E-A794-657F94F7D251} = {A08864C8-A95C-398E-A794-657F94F7D251}
		{F8C1E574-AAD1-3AFA-9429-B26773D54764} = {F8C1E574-AAD1-3AFA-9429-B26773D54764}
	EndProjectSection
EndProject
Project("{8BC9CEB8-8B4A-11D0-8D11-00A0C91BC942}") = "inputlag", "tests\inputlag.vcxproj", "{28FADF20-A1BA-3D40-8E81-5A810C856644}"
	ProjectSection(ProjectDependencies) = postProject
		{A08864C8-A95C-398E-A794-657F94F7D251} = {A08864C8-A95C-398E-A794-657F94F7D251}
		{F8C1E574-AAD1-3AFA-9429-B26773D54764} = {F8C1E574-AAD1-3AFA-9429-B26773D54764}
	EndProjectSection
EndProject
Project("{8BC9CEB8-8B4A-11D0-8D11-00A0C91BC942}") = "joysticks", "tests\joysticks.vcxproj", "{8F7EB8D2-01EC-361B-8869-788D10B931A0}"
	ProjectSection(ProjectDependencies) = postProject
		{A08864C8-A95C-398E-A794-657F94F7D251} = {A08864C8-A95C-398E-A794-657F94F7D251}
		{F8C1E574-AAD1-3AFA-9429-B26773D54764} = {F8C1E574-AAD1-3AFA-9429-B26773D54764}
	EndProjectSection
EndProject
Project("{8BC9CEB8-8B4A-11D0-8D11-00A0C91BC942}") = "monitors", "tests\monitors.vcxproj", "{1ED2E1D1-190C-3C0F-B5AB-3328BB9E3C49}"
	ProjectSection(ProjectDependencies) = postProject
		{A08864C8-A95C-398E-A794-657F94F7D251} = {A08864C8-A95C-398E-A794-657F94F7D251}
		{F8C1E574-AAD1-3AFA-9429-B26773D54764} = {F8C1E574-AAD1-3AFA-9429-B26773D54764}
	EndProjectSection
EndProject
Project("{8BC9CEB8-8B4A-11D0-8D11-00A0C91BC942}") = "msaa", "tests\msaa.vcxproj", "{E7992F6B-6AE1-304A-834D-D69F95F62C03}"
	ProjectSection(ProjectDependencies) = postProject
		{A08864C8-A95C-398E-A794-657F94F7D251} = {A08864C8-A95C-398E-A794-657F94F7D251}
		{F8C1E574-AAD1-3AFA-9429-B26773D54764} = {F8C1E574-AAD1-3AFA-9429-B26773D54764}
	EndProjectSection
EndProject
Project("{8BC9CEB8-8B4A-11D0-8D11-00A0C91BC942}") = "offscreen", "examples\offscreen.vcxproj", "{51DF51C4-BF0E-3B32-9949-F43AD31AE9BB}"
	ProjectSection(ProjectDependencies) = postProject
		{A08864C8-A95C-398E-A794-657F94F7D251} = {A08864C8-A95C-398E-A794-657F94F7D251}
		{F8C1E574-AAD1-3AFA-9429-B26773D54764} = {F8C1E574-AAD1-3AFA-9429-B26773D54764}
	EndProjectSection
EndProject
Project("{8BC9CEB8-8B4A-11D0-8D11-00A0C91BC942}") = "opacity", "tests\opacity.vcxproj", "{950CA229-7C73-341E-80E5-F32FA1BBDF9C}"
	ProjectSection(ProjectDependencies) = postProject
		{A08864C8-A95C-398E-A794-657F94F7D251} = {A08864C8-A95C-398E-A794-657F94F7D251}
		{F8C1E574-AAD1-3AFA-9429-B26773D54764} = {F8C1E574-AAD1-3AFA-9429-B26773D54764}
	EndProjectSection
EndProject
Project("{8BC9CEB8-8B4A-11D0-8D11-00A0C91BC942}") = "particles", "examples\particles.vcxproj", "{2C74C767-1B2E-335E-A6E5-C69B60BF1B9A}"
	ProjectSection(ProjectDependencies) = postProject
		{A08864C8-A95C-398E-A794-657F94F7D251} = {A08864C8-A95C-398E-A794-657F94F7D251}
		{F8C1E574-AAD1-3AFA-9429-B26773D54764} = {F8C1E574-AAD1-3AFA-9429-B26773D54764}
	EndProjectSection
EndProject
Project("{8BC9CEB8-8B4A-11D0-8D11-00A0C91BC942}") = "reopen", "tests\reopen.vcxproj", "{C51A3F4F-478F-3047-857E-340915275E30}"
	ProjectSection(ProjectDependencies) = postProject
		{A08864C8-A95C-398E-A794-657F94F7D251} = {A08864C8-A95C-398E-A794-657F94F7D251}
		{F8C1E574-AAD1-3AFA-9429-B26773D54764} = {F8C1E574-AAD1-3AFA-9429-B26773D54764}
	EndProjectSection
EndProject
Project("{8BC9CEB8-8B4A-11D0-8D11-00A0C91BC942}") = "sharing", "examples\sharing.vcxproj", "{3C49C7D5-1CD7-361B-BD72-5450E23FF98E}"
	ProjectSection(ProjectDependencies) = postProject
		{A08864C8-A95C-398E-A794-657F94F7D251} = {A08864C8-A95C-398E-A794-657F94F7D251}
		{F8C1E574-AAD1-3AFA-9429-B26773D54764} = {F8C1E574-AAD1-3AFA-9429-B26773D54764}
	EndProjectSection
EndProject
Project("{8BC9CEB8-8B4A-11D0-8D11-00A0C91BC942}") = "splitview", "examples\splitview.vcxproj", "{D113D7DD-7BD1-3735-9C26-67A65E54CA14}"
	ProjectSection(ProjectDependencies) = postProject
		{A08864C8-A95C-398E-A794-657F94F7D251} = {A08864C8-A95C-398E-A794-657F94F7D251}
		{F8C1E574-AAD1-3AFA-9429-B26773D54764} = {F8C1E574-AAD1-3AFA-9429-B26773D54764}
	EndProjectSection
EndProject
Project("{8BC9CEB8-8B4A-11D0-8D11-00A0C91BC942}") = "tearing", "tests\tearing.vcxproj", "{609A6082-67B9-39F7-8107-9E09862CE816}"
	ProjectSection(ProjectDependencies) = postProject
		{A08864C8-A95C-398E-A794-657F94F7D251} = {A08864C8-A95C-398E-A794-657F94F7D251}
		{F8C1E574-AAD1-3AFA-9429-B26773D54764} = {F8C1E574-AAD1-3AFA-9429-B26773D54764}
	EndProjectSection
EndProject
Project("{8BC9CEB8-8B4A-11D0-8D11-00A0C91BC942}") = "threads", "tests\threads.vcxproj", "{C45D4BD3-93A3-33C3-899F-0826138D4DCA}"
	ProjectSection(ProjectDependencies) = postProject
		{A08864C8-A95C-398E-A794-657F94F7D251} = {A08864C8-A95C-398E-A794-657F94F7D251}
		{F8C1E574-AAD1-3AFA-9429-B26773D54764} = {F8C1E574-AAD1-3AFA-9429-B26773D54764}
	EndProjectSection
EndProject
Project("{8BC9CEB8-8B4A-11D0-8D11-00A0C91BC942}") = "timeout", "tests\timeout.vcxproj", "{D9970445-9587-323B-BE7C-2B1EEC0B1DEA}"
	ProjectSection(ProjectDependencies) = postProject
		{A08864C8-A95C-398E-A794-657F94F7D251} = {A08864C8-A95C-398E-A794-657F94F7D251}
		{F8C1E574-AAD1-3AFA-9429-B26773D54764} = {F8C1E574-AAD1-3AFA-9429-B26773D54764}
	EndProjectSection
EndProject
Project("{8BC9CEB8-8B4A-11D0-8D11-00A0C91BC942}") = "title", "tests\title.vcxproj", "{217FC958-DA15-31D9-A594-FF4661565527}"
	ProjectSection(ProjectDependencies) = postProject
		{A08864C8-A95C-398E-A794-657F94F7D251} = {A08864C8-A95C-398E-A794-657F94F7D251}
		{F8C1E574-AAD1-3AFA-9429-B26773D54764} = {F8C1E574-AAD1-3AFA-9429-B26773D54764}
	EndProjectSection
EndProject
Project("{8BC9CEB8-8B4A-11D0-8D11-00A0C91BC942}") = "triangle-opengl", "examples\triangle-opengl.vcxproj", "{9CDDB2F6-96D3-34D0-8276-F3EED738A9F3}"
	ProjectSection(ProjectDependencies) = postProject
		{A08864C8-A95C-398E-A794-657F94F7D251} = {A08864C8-A95C-398E-A794-657F94F7D251}
		{F8C1E574-AAD1-3AFA-9429-B26773D54764} = {F8C1E574-AAD1-3AFA-9429-B26773D54764}
	EndProjectSection
EndProject
Project("{8BC9CEB8-8B4A-11D0-8D11-00A0C91BC942}") = "triangle-vulkan", "tests\triangle-vulkan.vcxproj", "{987C78BA-F9B5-370E-B793-375BC1E86034}"
	ProjectSection(ProjectDependencies) = postProject
		{A08864C8-A95C-398E-A794-657F94F7D251} = {A08864C8-A95C-398E-A794-657F94F7D251}
		{F8C1E574-AAD1-3AFA-9429-B26773D54764} = {F8C1E574-AAD1-3AFA-9429-B26773D54764}
	EndProjectSection
EndProject
Project("{8BC9CEB8-8B4A-11D0-8D11-00A0C91BC942}") = "uninstall", "uninstall.vcxproj", "{B8C2FB42-66E8-3885-9BDE-66AAA4983AD8}"
	ProjectSection(ProjectDependencies) = postProject
		{A08864C8-A95C-398E-A794-657F94F7D251} = {A08864C8-A95C-398E-A794-657F94F7D251}
	EndProjectSection
EndProject
Project("{8BC9CEB8-8B4A-11D0-8D11-00A0C91BC942}") = "wave", "examples\wave.vcxproj", "{44B67E86-15E2-3F5E-B653-D81763AF67AB}"
	ProjectSection(ProjectDependencies) = postProject
		{A08864C8-A95C-398E-A794-657F94F7D251} = {A08864C8-A95C-398E-A794-657F94F7D251}
		{F8C1E574-AAD1-3AFA-9429-B26773D54764} = {F8C1E574-AAD1-3AFA-9429-B26773D54764}
	EndProjectSection
EndProject
Project("{8BC9CEB8-8B4A-11D0-8D11-00A0C91BC942}") = "windows", "tests\windows.vcxproj", "{4624C8BE-7CF2-30D4-A8DB-46AA915E7BD6}"
	ProjectSection(ProjectDependencies) = postProject
		{A08864C8-A95C-398E-A794-657F94F7D251} = {A08864C8-A95C-398E-A794-657F94F7D251}
		{F8C1E574-AAD1-3AFA-9429-B26773D54764} = {F8C1E574-AAD1-3AFA-9429-B26773D54764}
	EndProjectSection
EndProject
Global
	GlobalSection(SolutionConfigurationPlatforms) = preSolution
		Debug|Win32 = Debug|Win32
		Release|Win32 = Release|Win32
		MinSizeRel|Win32 = MinSizeRel|Win32
		RelWithDebInfo|Win32 = RelWithDebInfo|Win32
	EndGlobalSection
	GlobalSection(ProjectConfigurationPlatforms) = postSolution
		{C17CED19-13AE-3B4F-87CF-337F47263356}.Debug|Win32.ActiveCfg = Debug|Win32
		{C17CED19-13AE-3B4F-87CF-337F47263356}.Debug|Win32.Build.0 = Debug|Win32
		{C17CED19-13AE-3B4F-87CF-337F47263356}.Release|Win32.ActiveCfg = Release|Win32
		{C17CED19-13AE-3B4F-87CF-337F47263356}.Release|Win32.Build.0 = Release|Win32
		{C17CED19-13AE-3B4F-87CF-337F47263356}.MinSizeRel|Win32.ActiveCfg = MinSizeRel|Win32
		{C17CED19-13AE-3B4F-87CF-337F47263356}.MinSizeRel|Win32.Build.0 = MinSizeRel|Win32
		{C17CED19-13AE-3B4F-87CF-337F47263356}.RelWithDebInfo|Win32.ActiveCfg = RelWithDebInfo|Win32
		{C17CED19-13AE-3B4F-87CF-337F47263356}.RelWithDebInfo|Win32.Build.0 = RelWithDebInfo|Win32
		{78096347-426E-3C15-A510-5A2F52E06AED}.Debug|Win32.ActiveCfg = Debug|Win32
		{78096347-426E-3C15-A510-5A2F52E06AED}.Release|Win32.ActiveCfg = Release|Win32
		{78096347-426E-3C15-A510-5A2F52E06AED}.MinSizeRel|Win32.ActiveCfg = MinSizeRel|Win32
		{78096347-426E-3C15-A510-5A2F52E06AED}.RelWithDebInfo|Win32.ActiveCfg = RelWithDebInfo|Win32
		{A08864C8-A95C-398E-A794-657F94F7D251}.Debug|Win32.ActiveCfg = Debug|Win32
		{A08864C8-A95C-398E-A794-657F94F7D251}.Debug|Win32.Build.0 = Debug|Win32
		{A08864C8-A95C-398E-A794-657F94F7D251}.Release|Win32.ActiveCfg = Release|Win32
		{A08864C8-A95C-398E-A794-657F94F7D251}.Release|Win32.Build.0 = Release|Win32
		{A08864C8-A95C-398E-A794-657F94F7D251}.MinSizeRel|Win32.ActiveCfg = MinSizeRel|Win32
		{A08864C8-A95C-398E-A794-657F94F7D251}.MinSizeRel|Win32.Build.0 = MinSizeRel|Win32
		{A08864C8-A95C-398E-A794-657F94F7D251}.RelWithDebInfo|Win32.ActiveCfg = RelWithDebInfo|Win32
		{A08864C8-A95C-398E-A794-657F94F7D251}.RelWithDebInfo|Win32.Build.0 = RelWithDebInfo|Win32
		{7409FC55-31D6-392F-B336-F581A0776BB1}.Debug|Win32.ActiveCfg = Debug|Win32
		{7409FC55-31D6-392F-B336-F581A0776BB1}.Debug|Win32.Build.0 = Debug|Win32
		{7409FC55-31D6-392F-B336-F581A0776BB1}.Release|Win32.ActiveCfg = Release|Win32
		{7409FC55-31D6-392F-B336-F581A0776BB1}.Release|Win32.Build.0 = Release|Win32
		{7409FC55-31D6-392F-B336-F581A0776BB1}.MinSizeRel|Win32.ActiveCfg = MinSizeRel|Win32
		{7409FC55-31D6-392F-B336-F581A0776BB1}.MinSizeRel|Win32.Build.0 = MinSizeRel|Win32
		{7409FC55-31D6-392F-B336-F581A0776BB1}.RelWithDebInfo|Win32.ActiveCfg = RelWithDebInfo|Win32
		{7409FC55-31D6-392F-B336-F581A0776BB1}.RelWithDebInfo|Win32.Build.0 = RelWithDebInfo|Win32
		{FEA8BAEC-7951-3390-AFB2-2D2F0C6E7B78}.Debug|Win32.ActiveCfg = Debug|Win32
		{FEA8BAEC-7951-3390-AFB2-2D2F0C6E7B78}.Debug|Win32.Build.0 = Debug|Win32
		{FEA8BAEC-7951-3390-AFB2-2D2F0C6E7B78}.Release|Win32.ActiveCfg = Release|Win32
		{FEA8BAEC-7951-3390-AFB2-2D2F0C6E7B78}.Release|Win32.Build.0 = Release|Win32
		{FEA8BAEC-7951-3390-AFB2-2D2F0C6E7B78}.MinSizeRel|Win32.ActiveCfg = MinSizeRel|Win32
		{FEA8BAEC-7951-3390-AFB2-2D2F0C6E7B78}.MinSizeRel|Win32.Build.0 = MinSizeRel|Win32
		{FEA8BAEC-7951-3390-AFB2-2D2F0C6E7B78}.RelWithDebInfo|Win32.ActiveCfg = RelWithDebInfo|Win32
		{FEA8BAEC-7951-3390-AFB2-2D2F0C6E7B78}.RelWithDebInfo|Win32.Build.0 = RelWithDebInfo|Win32
		{A6779840-4AB0-3B53-AF3F-D9818613222C}.Debug|Win32.ActiveCfg = Debug|Win32
		{A6779840-4AB0-3B53-AF3F-D9818613222C}.Debug|Win32.Build.0 = Debug|Win32
		{A6779840-4AB0-3B53-AF3F-D9818613222C}.Release|Win32.ActiveCfg = Release|Win32
		{A6779840-4AB0-3B53-AF3F-D9818613222C}.Release|Win32.Build.0 = Release|Win32
		{A6779840-4AB0-3B53-AF3F-D9818613222C}.MinSizeRel|Win32.ActiveCfg = MinSizeRel|Win32
		{A6779840-4AB0-3B53-AF3F-D9818613222C}.MinSizeRel|Win32.Build.0 = MinSizeRel|Win32
		{A6779840-4AB0-3B53-AF3F-D9818613222C}.RelWithDebInfo|Win32.ActiveCfg = RelWithDebInfo|Win32
		{A6779840-4AB0-3B53-AF3F-D9818613222C}.RelWithDebInfo|Win32.Build.0 = RelWithDebInfo|Win32
		{6D6B3D34-300B-3D63-B3C6-6929ECA9B542}.Debug|Win32.ActiveCfg = Debug|Win32
		{6D6B3D34-300B-3D63-B3C6-6929ECA9B542}.Debug|Win32.Build.0 = Debug|Win32
		{6D6B3D34-300B-3D63-B3C6-6929ECA9B542}.Release|Win32.ActiveCfg = Release|Win32
		{6D6B3D34-300B-3D63-B3C6-6929ECA9B542}.Release|Win32.Build.0 = Release|Win32
		{6D6B3D34-300B-3D63-B3C6-6929ECA9B542}.MinSizeRel|Win32.ActiveCfg = MinSizeRel|Win32
		{6D6B3D34-300B-3D63-B3C6-6929ECA9B542}.MinSizeRel|Win32.Build.0 = MinSizeRel|Win32
		{6D6B3D34-300B-3D63-B3C6-6929ECA9B542}.RelWithDebInfo|Win32.ActiveCfg = RelWithDebInfo|Win32
		{6D6B3D34-300B-3D63-B3C6-6929ECA9B542}.RelWithDebInfo|Win32.Build.0 = RelWithDebInfo|Win32
		{06B91137-A56F-36BB-A680-66417D1457DA}.Debug|Win32.ActiveCfg = Debug|Win32
		{06B91137-A56F-36BB-A680-66417D1457DA}.Debug|Win32.Build.0 = Debug|Win32
		{06B91137-A56F-36BB-A680-66417D1457DA}.Release|Win32.ActiveCfg = Release|Win32
		{06B91137-A56F-36BB-A680-66417D1457DA}.Release|Win32.Build.0 = Release|Win32
		{06B91137-A56F-36BB-A680-66417D1457DA}.MinSizeRel|Win32.ActiveCfg = MinSizeRel|Win32
		{06B91137-A56F-36BB-A680-66417D1457DA}.MinSizeRel|Win32.Build.0 = MinSizeRel|Win32
		{06B91137-A56F-36BB-A680-66417D1457DA}.RelWithDebInfo|Win32.ActiveCfg = RelWithDebInfo|Win32
		{06B91137-A56F-36BB-A680-66417D1457DA}.RelWithDebInfo|Win32.Build.0 = RelWithDebInfo|Win32
		{4EE2D366-9BFB-38EC-A31D-E7E0567295CB}.Debug|Win32.ActiveCfg = Debug|Win32
		{4EE2D366-9BFB-38EC-A31D-E7E0567295CB}.Debug|Win32.Build.0 = Debug|Win32
		{4EE2D366-9BFB-38EC-A31D-E7E0567295CB}.Release|Win32.ActiveCfg = Release|Win32
		{4EE2D366-9BFB-38EC-A31D-E7E0567295CB}.Release|Win32.Build.0 = Release|Win32
		{4EE2D366-9BFB-38EC-A31D-E7E0567295CB}.MinSizeRel|Win32.ActiveCfg = MinSizeRel|Win32
		{4EE2D366-9BFB-38EC-A31D-E7E0567295CB}.MinSizeRel|Win32.Build.0 = MinSizeRel|Win32
		{4EE2D366-9BFB-38EC-A31D-E7E0567295CB}.RelWithDebInfo|Win32.ActiveCfg = RelWithDebInfo|Win32
		{4EE2D366-9BFB-38EC-A31D-E7E0567295CB}.RelWithDebInfo|Win32.Build.0 = RelWithDebInfo|Win32
		{7965E02F-1DC6-3336-AF24-813C0D44DADA}.Debug|Win32.ActiveCfg = Debug|Win32
		{7965E02F-1DC6-3336-AF24-813C0D44DADA}.Debug|Win32.Build.0 = Debug|Win32
		{7965E02F-1DC6-3336-AF24-813C0D44DADA}.Release|Win32.ActiveCfg = Release|Win32
		{7965E02F-1DC6-3336-AF24-813C0D44DADA}.Release|Win32.Build.0 = Release|Win32
		{7965E02F-1DC6-3336-AF24-813C0D44DADA}.MinSizeRel|Win32.ActiveCfg = MinSizeRel|Win32
		{7965E02F-1DC6-3336-AF24-813C0D44DADA}.MinSizeRel|Win32.Build.0 = MinSizeRel|Win32
		{7965E02F-1DC6-3336-AF24-813C0D44DADA}.RelWithDebInfo|Win32.ActiveCfg = RelWithDebInfo|Win32
		{7965E02F-1DC6-3336-AF24-813C0D44DADA}.RelWithDebInfo|Win32.Build.0 = RelWithDebInfo|Win32
		{F8C1E574-AAD1-3AFA-9429-B26773D54764}.Debug|Win32.ActiveCfg = Debug|Win32
		{F8C1E574-AAD1-3AFA-9429-B26773D54764}.Debug|Win32.Build.0 = Debug|Win32
		{F8C1E574-AAD1-3AFA-9429-B26773D54764}.Release|Win32.ActiveCfg = Release|Win32
		{F8C1E574-AAD1-3AFA-9429-B26773D54764}.Release|Win32.Build.0 = Release|Win32
		{F8C1E574-AAD1-3AFA-9429-B26773D54764}.MinSizeRel|Win32.ActiveCfg = MinSizeRel|Win32
		{F8C1E574-AAD1-3AFA-9429-B26773D54764}.MinSizeRel|Win32.Build.0 = MinSizeRel|Win32
		{F8C1E574-AAD1-3AFA-9429-B26773D54764}.RelWithDebInfo|Win32.ActiveCfg = RelWithDebInfo|Win32
		{F8C1E574-AAD1-3AFA-9429-B26773D54764}.RelWithDebInfo|Win32.Build.0 = RelWithDebInfo|Win32
		{B89F9295-70C7-3011-8429-723559702BB1}.Debug|Win32.ActiveCfg = Debug|Win32
		{B89F9295-70C7-3011-8429-723559702BB1}.Debug|Win32.Build.0 = Debug|Win32
		{B89F9295-70C7-3011-8429-723559702BB1}.Release|Win32.ActiveCfg = Release|Win32
		{B89F9295-70C7-3011-8429-723559702BB1}.Release|Win32.Build.0 = Release|Win32
		{B89F9295-70C7-3011-8429-723559702BB1}.MinSizeRel|Win32.ActiveCfg = MinSizeRel|Win32
		{B89F9295-70C7-3011-8429-723559702BB1}.MinSizeRel|Win32.Build.0 = MinSizeRel|Win32
		{B89F9295-70C7-3011-8429-723559702BB1}.RelWithDebInfo|Win32.ActiveCfg = RelWithDebInfo|Win32
		{B89F9295-70C7-3011-8429-723559702BB1}.RelWithDebInfo|Win32.Build.0 = RelWithDebInfo|Win32
		{A0195ACB-CC8F-3609-9E0B-E758696A7232}.Debug|Win32.ActiveCfg = Debug|Win32
		{A0195ACB-CC8F-3609-9E0B-E758696A7232}.Debug|Win32.Build.0 = Debug|Win32
		{A0195ACB-CC8F-3609-9E0B-E758696A7232}.Release|Win32.ActiveCfg = Release|Win32
		{A0195ACB-CC8F-3609-9E0B-E758696A7232}.Release|Win32.Build.0 = Release|Win32
		{A0195ACB-CC8F-3609-9E0B-E758696A7232}.MinSizeRel|Win32.ActiveCfg = MinSizeRel|Win32
		{A0195ACB-CC8F-3609-9E0B-E758696A7232}.MinSizeRel|Win32.Build.0 = MinSizeRel|Win32
		{A0195ACB-CC8F-3609-9E0B-E758696A7232}.RelWithDebInfo|Win32.ActiveCfg = RelWithDebInfo|Win32
		{A0195ACB-CC8F-3609-9E0B-E758696A7232}.RelWithDebInfo|Win32.Build.0 = RelWithDebInfo|Win32
		{74477B49-8734-35A7-8427-02748CD98379}.Debug|Win32.ActiveCfg = Debug|Win32
		{74477B49-8734-35A7-8427-02748CD98379}.Debug|Win32.Build.0 = Debug|Win32
		{74477B49-8734-35A7-8427-02748CD98379}.Release|Win32.ActiveCfg = Release|Win32
		{74477B49-8734-35A7-8427-02748CD98379}.Release|Win32.Build.0 = Release|Win32
		{74477B49-8734-35A7-8427-02748CD98379}.MinSizeRel|Win32.ActiveCfg = MinSizeRel|Win32
		{74477B49-8734-35A7-8427-02748CD98379}.MinSizeRel|Win32.Build.0 = MinSizeRel|Win32
		{74477B49-8734-35A7-8427-02748CD98379}.RelWithDebInfo|Win32.ActiveCfg = RelWithDebInfo|Win32
		{74477B49-8734-35A7-8427-02748CD98379}.RelWithDebInfo|Win32.Build.0 = RelWithDebInfo|Win32
		{510B6E9D-BFB1-3C39-9762-84D5A2BC373E}.Debug|Win32.ActiveCfg = Debug|Win32
		{510B6E9D-BFB1-3C39-9762-84D5A2BC373E}.Debug|Win32.Build.0 = Debug|Win32
		{510B6E9D-BFB1-3C39-9762-84D5A2BC373E}.Release|Win32.ActiveCfg = Release|Win32
		{510B6E9D-BFB1-3C39-9762-84D5A2BC373E}.Release|Win32.Build.0 = Release|Win32
		{510B6E9D-BFB1-3C39-9762-84D5A2BC373E}.MinSizeRel|Win32.ActiveCfg = MinSizeRel|Win32
		{510B6E9D-BFB1-3C39-9762-84D5A2BC373E}.MinSizeRel|Win32.Build.0 = MinSizeRel|Win32
		{510B6E9D-BFB1-3C39-9762-84D5A2BC373E}.RelWithDebInfo|Win32.ActiveCfg = RelWithDebInfo|Win32
		{510B6E9D-BFB1-3C39-9762-84D5A2BC373E}.RelWithDebInfo|Win32.Build.0 = RelWithDebInfo|Win32
		{28FADF20-A1BA-3D40-8E81-5A810C856644}.Debug|Win32.ActiveCfg = Debug|Win32
		{28FADF20-A1BA-3D40-8E81-5A810C856644}.Debug|Win32.Build.0 = Debug|Win32
		{28FADF20-A1BA-3D40-8E81-5A810C856644}.Release|Win32.ActiveCfg = Release|Win32
		{28FADF20-A1BA-3D40-8E81-5A810C856644}.Release|Win32.Build.0 = Release|Win32
		{28FADF20-A1BA-3D40-8E81-5A810C856644}.MinSizeRel|Win32.ActiveCfg = MinSizeRel|Win32
		{28FADF20-A1BA-3D40-8E81-5A810C856644}.MinSizeRel|Win32.Build.0 = MinSizeRel|Win32
		{28FADF20-A1BA-3D40-8E81-5A810C856644}.RelWithDebInfo|Win32.ActiveCfg = RelWithDebInfo|Win32
		{28FADF20-A1BA-3D40-8E81-5A810C856644}.RelWithDebInfo|Win32.Build.0 = RelWithDebInfo|Win32
		{8F7EB8D2-01EC-361B-8869-788D10B931A0}.Debug|Win32.ActiveCfg = Debug|Win32
		{8F7EB8D2-01EC-361B-8869-788D10B931A0}.Debug|Win32.Build.0 = Debug|Win32
		{8F7EB8D2-01EC-361B-8869-788D10B931A0}.Release|Win32.ActiveCfg = Release|Win32
		{8F7EB8D2-01EC-361B-8869-788D10B931A0}.Release|Win32.Build.0 = Release|Win32
		{8F7EB8D2-01EC-361B-8869-788D10B931A0}.MinSizeRel|Win32.ActiveCfg = MinSizeRel|Win32
		{8F7EB8D2-01EC-361B-8869-788D10B931A0}.MinSizeRel|Win32.Build.0 = MinSizeRel|Win32
		{8F7EB8D2-01EC-361B-8869-788D10B931A0}.RelWithDebInfo|Win32.ActiveCfg = RelWithDebInfo|Win32
		{8F7EB8D2-01EC-361B-8869-788D10B931A0}.RelWithDebInfo|Win32.Build.0 = RelWithDebInfo|Win32
		{1ED2E1D1-190C-3C0F-B5AB-3328BB9E3C49}.Debug|Win32.ActiveCfg = Debug|Win32
		{1ED2E1D1-190C-3C0F-B5AB-3328BB9E3C49}.Debug|Win32.Build.0 = Debug|Win32
		{1ED2E1D1-190C-3C0F-B5AB-3328BB9E3C49}.Release|Win32.ActiveCfg = Release|Win32
		{1ED2E1D1-190C-3C0F-B5AB-3328BB9E3C49}.Release|Win32.Build.0 = Release|Win32
		{1ED2E1D1-190C-3C0F-B5AB-3328BB9E3C49}.MinSizeRel|Win32.ActiveCfg = MinSizeRel|Win32
		{1ED2E1D1-190C-3C0F-B5AB-3328BB9E3C49}.MinSizeRel|Win32.Build.0 = MinSizeRel|Win32
		{1ED2E1D1-190C-3C0F-B5AB-3328BB9E3C49}.RelWithDebInfo|Win32.ActiveCfg = RelWithDebInfo|Win32
		{1ED2E1D1-190C-3C0F-B5AB-3328BB9E3C49}.RelWithDebInfo|Win32.Build.0 = RelWithDebInfo|Win32
		{E7992F6B-6AE1-304A-834D-D69F95F62C03}.Debug|Win32.ActiveCfg = Debug|Win32
		{E7992F6B-6AE1-304A-834D-D69F95F62C03}.Debug|Win32.Build.0 = Debug|Win32
		{E7992F6B-6AE1-304A-834D-D69F95F62C03}.Release|Win32.ActiveCfg = Release|Win32
		{E7992F6B-6AE1-304A-834D-D69F95F62C03}.Release|Win32.Build.0 = Release|Win32
		{E7992F6B-6AE1-304A-834D-D69F95F62C03}.MinSizeRel|Win32.ActiveCfg = MinSizeRel|Win32
		{E7992F6B-6AE1-304A-834D-D69F95F62C03}.MinSizeRel|Win32.Build.0 = MinSizeRel|Win32
		{E7992F6B-6AE1-304A-834D-D69F95F62C03}.RelWithDebInfo|Win32.ActiveCfg = RelWithDebInfo|Win32
		{E7992F6B-6AE1-304A-834D-D69F95F62C03}.RelWithDebInfo|Win32.Build.0 = RelWithDebInfo|Win32
		{51DF51C4-BF0E-3B32-9949-F43AD31AE9BB}.Debug|Win32.ActiveCfg = Debug|Win32
		{51DF51C4-BF0E-3B32-9949-F43AD31AE9BB}.Debug|Win32.Build.0 = Debug|Win32
		{51DF51C4-BF0E-3B32-9949-F43AD31AE9BB}.Release|Win32.ActiveCfg = Release|Win32
		{51DF51C4-BF0E-3B32-9949-F43AD31AE9BB}.Release|Win32.Build.0 = Release|Win32
		{51DF51C4-BF0E-3B32-9949-F43AD31AE9BB}.MinSizeRel|Win32.ActiveCfg = MinSizeRel|Win32
		{51DF51C4-BF0E-3B32-9949-F43AD31AE9BB}.MinSizeRel|Win32.Build.0 = MinSizeRel|Win32
		{51DF51C4-BF0E-3B32-9949-F43AD31AE9BB}.RelWithDebInfo|Win32.ActiveCfg = RelWithDebInfo|Win32
		{51DF51C4-BF0E-3B32-9949-F43AD31AE9BB}.RelWithDebInfo|Win32.Build.0 = RelWithDebInfo|Win32
		{950CA229-7C73-341E-80E5-F32FA1BBDF9C}.Debug|Win32.ActiveCfg = Debug|Win32
		{950CA229-7C73-341E-80E5-F32FA1BBDF9C}.Debug|Win32.Build.0 = Debug|Win32
		{950CA229-7C73-341E-80E5-F32FA1BBDF9C}.Release|Win32.ActiveCfg = Release|Win32
		{950CA229-7C73-341E-80E5-F32FA1BBDF9C}.Release|Win32.Build.0 = Release|Win32
		{950CA229-7C73-341E-80E5-F32FA1BBDF9C}.MinSizeRel|Win32.ActiveCfg = MinSizeRel|Win32
		{950CA229-7C73-341E-80E5-F32FA1BBDF9C}.MinSizeRel|Win32.Build.0 = MinSizeRel|Win32
		{950CA229-7C73-341E-80E5-F32FA1BBDF9C}.RelWithDebInfo|Win32.ActiveCfg = RelWithDebInfo|Win32
		{950CA229-7C73-341E-80E5-F32FA1BBDF9C}.RelWithDebInfo|Win32.Build.0 = RelWithDebInfo|Win32
		{2C74C767-1B2E-335E-A6E5-C69B60BF1B9A}.Debug|Win32.ActiveCfg = Debug|Win32
		{2C74C767-1B2E-335E-A6E5-C69B60BF1B9A}.Debug|Win32.Build.0 = Debug|Win32
		{2C74C767-1B2E-335E-A6E5-C69B60BF1B9A}.Release|Win32.ActiveCfg = Release|Win32
		{2C74C767-1B2E-335E-A6E5-C69B60BF1B9A}.Release|Win32.Build.0 = Release|Win32
		{2C74C767-1B2E-335E-A6E5-C69B60BF1B9A}.MinSizeRel|Win32.ActiveCfg = MinSizeRel|Win32
		{2C74C767-1B2E-335E-A6E5-C69B60BF1B9A}.MinSizeRel|Win32.Build.0 = MinSizeRel|Win32
		{2C74C767-1B2E-335E-A6E5-C69B60BF1B9A}.RelWithDebInfo|Win32.ActiveCfg = RelWithDebInfo|Win32
		{2C74C767-1B2E-335E-A6E5-C69B60BF1B9A}.RelWithDebInfo|Win32.Build.0 = RelWithDebInfo|Win32
		{C51A3F4F-478F-3047-857E-340915275E30}.Debug|Win32.ActiveCfg = Debug|Win32
		{C51A3F4F-478F-3047-857E-340915275E30}.Debug|Win32.Build.0 = Debug|Win32
		{C51A3F4F-478F-3047-857E-340915275E30}.Release|Win32.ActiveCfg = Release|Win32
		{C51A3F4F-478F-3047-857E-340915275E30}.Release|Win32.Build.0 = Release|Win32
		{C51A3F4F-478F-3047-857E-340915275E30}.MinSizeRel|Win32.ActiveCfg = MinSizeRel|Win32
		{C51A3F4F-478F-3047-857E-340915275E30}.MinSizeRel|Win32.Build.0 = MinSizeRel|Win32
		{C51A3F4F-478F-3047-857E-340915275E30}.RelWithDebInfo|Win32.ActiveCfg = RelWithDebInfo|Win32
		{C51A3F4F-478F-3047-857E-340915275E30}.RelWithDebInfo|Win32.Build.0 = RelWithDebInfo|Win32
		{3C49C7D5-1CD7-361B-BD72-5450E23FF98E}.Debug|Win32.ActiveCfg = Debug|Win32
		{3C49C7D5-1CD7-361B-BD72-5450E23FF98E}.Debug|Win32.Build.0 = Debug|Win32
		{3C49C7D5-1CD7-361B-BD72-5450E23FF98E}.Release|Win32.ActiveCfg = Release|Win32
		{3C49C7D5-1CD7-361B-BD72-5450E23FF98E}.Release|Win32.Build.0 = Release|Win32
		{3C49C7D5-1CD7-361B-BD72-5450E23FF98E}.MinSizeRel|Win32.ActiveCfg = MinSizeRel|Win32
		{3C49C7D5-1CD7-361B-BD72-5450E23FF98E}.MinSizeRel|Win32.Build.0 = MinSizeRel|Win32
		{3C49C7D5-1CD7-361B-BD72-5450E23FF98E}.RelWithDebInfo|Win32.ActiveCfg = RelWithDebInfo|Win32
		{3C49C7D5-1CD7-361B-BD72-5450E23FF98E}.RelWithDebInfo|Win32.Build.0 = RelWithDebInfo|Win32
		{D113D7DD-7BD1-3735-9C26-67A65E54CA14}.Debug|Win32.ActiveCfg = Debug|Win32
		{D113D7DD-7BD1-3735-9C26-67A65E54CA14}.Debug|Win32.Build.0 = Debug|Win32
		{D113D7DD-7BD1-3735-9C26-67A65E54CA14}.Release|Win32.ActiveCfg = Release|Win32
		{D113D7DD-7BD1-3735-9C26-67A65E54CA14}.Release|Win32.Build.0 = Release|Win32
		{D113D7DD-7BD1-3735-9C26-67A65E54CA14}.MinSizeRel|Win32.ActiveCfg = MinSizeRel|Win32
		{D113D7DD-7BD1-3735-9C26-67A65E54CA14}.MinSizeRel|Win32.Build.0 = MinSizeRel|Win32
		{D113D7DD-7BD1-3735-9C26-67A65E54CA14}.RelWithDebInfo|Win32.ActiveCfg = RelWithDebInfo|Win32
		{D113D7DD-7BD1-3735-9C26-67A65E54CA14}.RelWithDebInfo|Win32.Build.0 = RelWithDebInfo|Win32
		{609A6082-67B9-39F7-8107-9E09862CE816}.Debug|Win32.ActiveCfg = Debug|Win32
		{609A6082-67B9-39F7-8107-9E09862CE816}.Debug|Win32.Build.0 = Debug|Win32
		{609A6082-67B9-39F7-8107-9E09862CE816}.Release|Win32.ActiveCfg = Release|Win32
		{609A6082-67B9-39F7-8107-9E09862CE816}.Release|Win32.Build.0 = Release|Win32
		{609A6082-67B9-39F7-8107-9E09862CE816}.MinSizeRel|Win32.ActiveCfg = MinSizeRel|Win32
		{609A6082-67B9-39F7-8107-9E09862CE816}.MinSizeRel|Win32.Build.0 = MinSizeRel|Win32
		{609A6082-67B9-39F7-8107-9E09862CE816}.RelWithDebInfo|Win32.ActiveCfg = RelWithDebInfo|Win32
		{609A6082-67B9-39F7-8107-9E09862CE816}.RelWithDebInfo|Win32.Build.0 = RelWithDebInfo|Win32
		{C45D4BD3-93A3-33C3-899F-0826138D4DCA}.Debug|Win32.ActiveCfg = Debug|Win32
		{C45D4BD3-93A3-33C3-899F-0826138D4DCA}.Debug|Win32.Build.0 = Debug|Win32
		{C45D4BD3-93A3-33C3-899F-0826138D4DCA}.Release|Win32.ActiveCfg = Release|Win32
		{C45D4BD3-93A3-33C3-899F-0826138D4DCA}.Release|Win32.Build.0 = Release|Win32
		{C45D4BD3-93A3-33C3-899F-0826138D4DCA}.MinSizeRel|Win32.ActiveCfg = MinSizeRel|Win32
		{C45D4BD3-93A3-33C3-899F-0826138D4DCA}.MinSizeRel|Win32.Build.0 = MinSizeRel|Win32
		{C45D4BD3-93A3-33C3-899F-0826138D4DCA}.RelWithDebInfo|Win32.ActiveCfg = RelWithDebInfo|Win32
		{C45D4BD3-93A3-33C3-899F-0826138D4DCA}.RelWithDebInfo|Win32.Build.0 = RelWithDebInfo|Win32
		{D9970445-9587-323B-BE7C-2B1EEC0B1DEA}.Debug|Win32.ActiveCfg = Debug|Win32
		{D9970445-9587-323B-BE7C-2B1EEC0B1DEA}.Debug|Win32.Build.0 = Debug|Win32
		{D9970445-9587-323B-BE7C-2B1EEC0B1DEA}.Release|Win32.ActiveCfg = Release|Win32
		{D9970445-9587-323B-BE7C-2B1EEC0B1DEA}.Release|Win32.Build.0 = Release|Win32
		{D9970445-9587-323B-BE7C-2B1EEC0B1DEA}.MinSizeRel|Win32.ActiveCfg = MinSizeRel|Win32
		{D9970445-9587-323B-BE7C-2B1EEC0B1DEA}.MinSizeRel|Win32.Build.0 = MinSizeRel|Win32
		{D9970445-9587-323B-BE7C-2B1EEC0B1DEA}.RelWithDebInfo|Win32.ActiveCfg = RelWithDebInfo|Win32
		{D9970445-9587-323B-BE7C-2B1EEC0B1DEA}.RelWithDebInfo|Win32.Build.0 = RelWithDebInfo|Win32
		{217FC958-DA15-31D9-A594-FF4661565527}.Debug|Win32.ActiveCfg = Debug|Win32
		{217FC958-DA15-31D9-A594-FF4661565527}.Debug|Win32.Build.0 = Debug|Win32
		{217FC958-DA15-31D9-A594-FF4661565527}.Release|Win32.ActiveCfg = Release|Win32
		{217FC958-DA15-31D9-A594-FF4661565527}.Release|Win32.Build.0 = Release|Win32
		{217FC958-DA15-31D9-A594-FF4661565527}.MinSizeRel|Win32.ActiveCfg = MinSizeRel|Win32
		{217FC958-DA15-31D9-A594-FF4661565527}.MinSizeRel|Win32.Build.0 = MinSizeRel|Win32
		{217FC958-DA15-31D9-A594-FF4661565527}.RelWithDebInfo|Win32.ActiveCfg = RelWithDebInfo|Win32
		{217FC958-DA15-31D9-A594-FF4661565527}.RelWithDebInfo|Win32.Build.0 = RelWithDebInfo|Win32
		{9CDDB2F6-96D3-34D0-8276-F3EED738A9F3}.Debug|Win32.ActiveCfg = Debug|Win32
		{9CDDB2F6-96D3-34D0-8276-F3EED738A9F3}.Debug|Win32.Build.0 = Debug|Win32
		{9CDDB2F6-96D3-34D0-8276-F3EED738A9F3}.Release|Win32.ActiveCfg = Release|Win32
		{9CDDB2F6-96D3-34D0-8276-F3EED738A9F3}.Release|Win32.Build.0 = Release|Win32
		{9CDDB2F6-96D3-34D0-8276-F3EED738A9F3}.MinSizeRel|Win32.ActiveCfg = MinSizeRel|Win32
		{9CDDB2F6-96D3-34D0-8276-F3EED738A9F3}.MinSizeRel|Win32.Build.0 = MinSizeRel|Win32
		{9CDDB2F6-96D3-34D0-8276-F3EED738A9F3}.RelWithDebInfo|Win32.ActiveCfg = RelWithDebInfo|Win32
		{9CDDB2F6-96D3-34D0-8276-F3EED738A9F3}.RelWithDebInfo|Win32.Build.0 = RelWithDebInfo|Win32
		{987C78BA-F9B5-370E-B793-375BC1E86034}.Debug|Win32.ActiveCfg = Debug|Win32
		{987C78BA-F9B5-370E-B793-375BC1E86034}.Debug|Win32.Build.0 = Debug|Win32
		{987C78BA-F9B5-370E-B793-375BC1E86034}.Release|Win32.ActiveCfg = Release|Win32
		{987C78BA-F9B5-370E-B793-375BC1E86034}.Release|Win32.Build.0 = Release|Win32
		{987C78BA-F9B5-370E-B793-375BC1E86034}.MinSizeRel|Win32.ActiveCfg = MinSizeRel|Win32
		{987C78BA-F9B5-370E-B793-375BC1E86034}.MinSizeRel|Win32.Build.0 = MinSizeRel|Win32
		{987C78BA-F9B5-370E-B793-375BC1E86034}.RelWithDebInfo|Win32.ActiveCfg = RelWithDebInfo|Win32
		{987C78BA-F9B5-370E-B793-375BC1E86034}.RelWithDebInfo|Win32.Build.0 = RelWithDebInfo|Win32
		{B8C2FB42-66E8-3885-9BDE-66AAA4983AD8}.Debug|Win32.ActiveCfg = Debug|Win32
		{B8C2FB42-66E8-3885-9BDE-66AAA4983AD8}.Release|Win32.ActiveCfg = Release|Win32
		{B8C2FB42-66E8-3885-9BDE-66AAA4983AD8}.MinSizeRel|Win32.ActiveCfg = MinSizeRel|Win32
		{B8C2FB42-66E8-3885-9BDE-66AAA4983AD8}.RelWithDebInfo|Win32.ActiveCfg = RelWithDebInfo|Win32
		{44B67E86-15E2-3F5E-B653-D81763AF67AB}.Debug|Win32.ActiveCfg = Debug|Win32
		{44B67E86-15E2-3F5E-B653-D81763AF67AB}.Debug|Win32.Build.0 = Debug|Win32
		{44B67E86-15E2-3F5E-B653-D81763AF67AB}.Release|Win32.ActiveCfg = Release|Win32
		{44B67E86-15E2-3F5E-B653-D81763AF67AB}.Release|Win32.Build.0 = Release|Win32
		{44B67E86-15E2-3F5E-B653-D81763AF67AB}.MinSizeRel|Win32.ActiveCfg = MinSizeRel|Win32
		{44B67E86-15E2-3F5E-B653-D81763AF67AB}.MinSizeRel|Win32.Build.0 = MinSizeRel|Win32
		{44B67E86-15E2-3F5E-B653-D81763AF67AB}.RelWithDebInfo|Win32.ActiveCfg = RelWithDebInfo|Win32
		{44B67E86-15E2-3F5E-B653-D81763AF67AB}.RelWithDebInfo|Win32.Build.0 = RelWithDebInfo|Win32
		{4624C8BE-7CF2-30D4-A8DB-46AA915E7BD6}.Debug|Win32.ActiveCfg = Debug|Win32
		{4624C8BE-7CF2-30D4-A8DB-46AA915E7BD6}.Debug|Win32.Build.0 = Debug|Win32
		{4624C8BE-7CF2-30D4-A8DB-46AA915E7BD6}.Release|Win32.ActiveCfg = Release|Win32
		{4624C8BE-7CF2-30D4-A8DB-46AA915E7BD6}.Release|Win32.Build.0 = Release|Win32
		{4624C8BE-7CF2-30D4-A8DB-46AA915E7BD6}.MinSizeRel|Win32.ActiveCfg = MinSizeRel|Win32
		{4624C8BE-7CF2-30D4-A8DB-46AA915E7BD6}.MinSizeRel|Win32.Build.0 = MinSizeRel|Win32
		{4624C8BE-7CF2-30D4-A8DB-46AA915E7BD6}.RelWithDebInfo|Win32.ActiveCfg = RelWithDebInfo|Win32
		{4624C8BE-7CF2-30D4-A8DB-46AA915E7BD6}.RelWithDebInfo|Win32.Build.0 = RelWithDebInfo|Win32
	EndGlobalSection
	GlobalSection(NestedProjects) = preSolution
		{C17CED19-13AE-3B4F-87CF-337F47263356} = {A9EB2F7B-120C-3438-BA01-3485D7D05C74}
		{78096347-426E-3C15-A510-5A2F52E06AED} = {A9EB2F7B-120C-3438-BA01-3485D7D05C74}
		{A08864C8-A95C-398E-A794-657F94F7D251} = {A9EB2F7B-120C-3438-BA01-3485D7D05C74}
		{D09BD0F8-C2DC-3E10-BA07-2ECAE3590493} = {C87E452C-1065-3BA0-94F4-F708CFEE7A2F}
		{E4F6A86C-017E-30D5-9B5A-E2EF99CFC76A} = {C87E452C-1065-3BA0-94F4-F708CFEE7A2F}
		{F8C1E574-AAD1-3AFA-9429-B26773D54764} = {C87E452C-1065-3BA0-94F4-F708CFEE7A2F}
		{B8C2FB42-66E8-3885-9BDE-66AAA4983AD8} = {C87E452C-1065-3BA0-94F4-F708CFEE7A2F}
		{7409FC55-31D6-392F-B336-F581A0776BB1} = {D09BD0F8-C2DC-3E10-BA07-2ECAE3590493}
		{7965E02F-1DC6-3336-AF24-813C0D44DADA} = {D09BD0F8-C2DC-3E10-BA07-2ECAE3590493}
		{A0195ACB-CC8F-3609-9E0B-E758696A7232} = {D09BD0F8-C2DC-3E10-BA07-2ECAE3590493}
		{51DF51C4-BF0E-3B32-9949-F43AD31AE9BB} = {D09BD0F8-C2DC-3E10-BA07-2ECAE3590493}
		{2C74C767-1B2E-335E-A6E5-C69B60BF1B9A} = {D09BD0F8-C2DC-3E10-BA07-2ECAE3590493}
		{3C49C7D5-1CD7-361B-BD72-5450E23FF98E} = {D09BD0F8-C2DC-3E10-BA07-2ECAE3590493}
		{D113D7DD-7BD1-3735-9C26-67A65E54CA14} = {D09BD0F8-C2DC-3E10-BA07-2ECAE3590493}
		{9CDDB2F6-96D3-34D0-8276-F3EED738A9F3} = {D09BD0F8-C2DC-3E10-BA07-2ECAE3590493}
		{44B67E86-15E2-3F5E-B653-D81763AF67AB} = {D09BD0F8-C2DC-3E10-BA07-2ECAE3590493}
		{FEA8BAEC-7951-3390-AFB2-2D2F0C6E7B78} = {E4F6A86C-017E-30D5-9B5A-E2EF99CFC76A}
		{A6779840-4AB0-3B53-AF3F-D9818613222C} = {E4F6A86C-017E-30D5-9B5A-E2EF99CFC76A}
		{6D6B3D34-300B-3D63-B3C6-6929ECA9B542} = {E4F6A86C-017E-30D5-9B5A-E2EF99CFC76A}
		{06B91137-A56F-36BB-A680-66417D1457DA} = {E4F6A86C-017E-30D5-9B5A-E2EF99CFC76A}
		{4EE2D366-9BFB-38EC-A31D-E7E0567295CB} = {E4F6A86C-017E-30D5-9B5A-E2EF99CFC76A}
		{B89F9295-70C7-3011-8429-723559702BB1} = {E4F6A86C-017E-30D5-9B5A-E2EF99CFC76A}
		{74477B49-8734-35A7-8427-02748CD98379} = {E4F6A86C-017E-30D5-9B5A-E2EF99CFC76A}
		{510B6E9D-BFB1-3C39-9762-84D5A2BC373E} = {E4F6A86C-017E-30D5-9B5A-E2EF99CFC76A}
		{28FADF20-A1BA-3D40-8E81-5A810C856644} = {E4F6A86C-017E-30D5-9B5A-E2EF99CFC76A}
		{8F7EB8D2-01EC-361B-8869-788D10B931A0} = {E4F6A86C-017E-30D5-9B5A-E2EF99CFC76A}
		{1ED2E1D1-190C-3C0F-B5AB-3328BB9E3C49} = {E4F6A86C-017E-30D5-9B5A-E2EF99CFC76A}
		{E7992F6B-6AE1-304A-834D-D69F95F62C03} = {E4F6A86C-017E-30D5-9B5A-E2EF99CFC76A}
		{950CA229-7C73-341E-80E5-F32FA1BBDF9C} = {E4F6A86C-017E-30D5-9B5A-E2EF99CFC76A}
		{C51A3F4F-478F-3047-857E-340915275E30} = {E4F6A86C-017E-30D5-9B5A-E2EF99CFC76A}
		{609A6082-67B9-39F7-8107-9E09862CE816} = {E4F6A86C-017E-30D5-9B5A-E2EF99CFC76A}
		{C45D4BD3-93A3-33C3-899F-0826138D4DCA} = {E4F6A86C-017E-30D5-9B5A-E2EF99CFC76A}
		{D9970445-9587-323B-BE7C-2B1EEC0B1DEA} = {E4F6A86C-017E-30D5-9B5A-E2EF99CFC76A}
		{217FC958-DA15-31D9-A594-FF4661565527} = {E4F6A86C-017E-30D5-9B5A-E2EF99CFC76A}
		{987C78BA-F9B5-370E-B793-375BC1E86034} = {E4F6A86C-017E-30D5-9B5A-E2EF99CFC76A}
		{4624C8BE-7CF2-30D4-A8DB-46AA915E7BD6} = {E4F6A86C-017E-30D5-9B5A-E2EF99CFC76A}
	EndGlobalSection
	GlobalSection(ExtensibilityGlobals) = postSolution
		SolutionGuid = {6236815E-BBC6-349F-B346-9B3EDD596902}
	EndGlobalSection
	GlobalSection(ExtensibilityAddIns) = postSolution
	EndGlobalSection
EndGlobal
