<?xml version="1.0" encoding="utf-8"?>
<Project ToolsVersion="16.0" xmlns="http://schemas.microsoft.com/developer/msbuild/2003">
  <ItemGroup>
    <CustomBuild Include="D:\OpenGL\glfw\glfw-master\2017Build\CMakeFiles\3e29a19b6f66101d276a0e36577cb51d\INSTALL_force.rule">
      <Filter>CMake Rules</Filter>
    </CustomBuild>
  </ItemGroup>
  <ItemGroup>
    <Filter Include="CMake Rules">
      <UniqueIdentifier>{36E1696D-3F1A-31AF-A536-CF27F63335D6}</UniqueIdentifier>
    </Filter>
  </ItemGroup>
</Project>
